// !$*UTF8*$!
{
	archiveVersion = 1;
	classes = {
	};
	objectVersion = 46;
	objects = {

/* Begin PBXBuildFile section */
		CD5A417E1999AAA300FA68DE /* ZTSandbox.m in Sources */ = {isa = PBXBuildFile; fileRef = CD5A417C1999AAA300FA68DE /* ZTSandbox.m */; };
		CD5A41831999BD2200FA68DE /* ZTDataLite.m in Sources */ = {isa = PBXBuildFile; fileRef = CD5A41811999BD2200FA68DE /* ZTDataLite.m */; };
		CD5A41871999C3E900FA68DE /* ZTNotification.m in Sources */ = {isa = PBXBuildFile; fileRef = CD5A41851999C3E900FA68DE /* ZTNotification.m */; };
		CD5A418F1999C4AA00FA68DE /* ZTThread.m in Sources */ = {isa = PBXBuildFile; fileRef = CD5A418D1999C4AA00FA68DE /* ZTThread.m */; };
		CD6A111319A1AA0B006F22F6 /* mainViewController.m in Sources */ = {isa = PBXBuildFile; fileRef = CD6A111219A1AA0B006F22F6 /* mainViewController.m */; };
		CD6ED8FC1999F3380070CF4E /* bitstream.c in Sources */ = {isa = PBXBuildFile; fileRef = CD6ED8B51999F3380070CF4E /* bitstream.c */; };
		CD6ED8FE1999F3380070CF4E /* mask.c in Sources */ = {isa = PBXBuildFile; fileRef = CD6ED8B71999F3380070CF4E /* mask.c */; };
		CD6ED9011999F3380070CF4E /* QRCodeGenerator.m in Sources */ = {isa = PBXBuildFile; fileRef = CD6ED8BA1999F3380070CF4E /* QRCodeGenerator.m */; };
		CD6ED9021999F3380070CF4E /* qrencode.c in Sources */ = {isa = PBXBuildFile; fileRef = CD6ED8BB1999F3380070CF4E /* qrencode.c */; };
		CD6ED9041999F3380070CF4E /* qrinput.c in Sources */ = {isa = PBXBuildFile; fileRef = CD6ED8BD1999F3380070CF4E /* qrinput.c */; };
		CD6ED9061999F3380070CF4E /* qrspec.c in Sources */ = {isa = PBXBuildFile; fileRef = CD6ED8BF1999F3380070CF4E /* qrspec.c */; };
		CD6ED9081999F3380070CF4E /* rscode.c in Sources */ = {isa = PBXBuildFile; fileRef = CD6ED8C11999F3380070CF4E /* rscode.c */; };
		CD6ED90A1999F3380070CF4E /* split.c in Sources */ = {isa = PBXBuildFile; fileRef = CD6ED8C31999F3380070CF4E /* split.c */; };
		CD6ED90C1999F3380070CF4E /* libzbar.a in Frameworks */ = {isa = PBXBuildFile; fileRef = CD6ED8C51999F3380070CF4E /* libzbar.a */; };
		CD6ED90E1999F3380070CF4E /* MKAnnotationView+WebCache.m in Sources */ = {isa = PBXBuildFile; fileRef = CD6ED8C81999F3380070CF4E /* MKAnnotationView+WebCache.m */; };
		CD6ED9101999F3380070CF4E /* NSData+ImageContentType.m in Sources */ = {isa = PBXBuildFile; fileRef = CD6ED8CA1999F3380070CF4E /* NSData+ImageContentType.m */; };
		CD6ED9121999F3380070CF4E /* SDImageCache.m in Sources */ = {isa = PBXBuildFile; fileRef = CD6ED8CC1999F3380070CF4E /* SDImageCache.m */; };
		CD6ED9141999F3380070CF4E /* SDWebImageCompat.m in Sources */ = {isa = PBXBuildFile; fileRef = CD6ED8CE1999F3380070CF4E /* SDWebImageCompat.m */; };
		CD6ED9161999F3380070CF4E /* SDWebImageDecoder.m in Sources */ = {isa = PBXBuildFile; fileRef = CD6ED8D01999F3380070CF4E /* SDWebImageDecoder.m */; };
		CD6ED9181999F3380070CF4E /* SDWebImageDownloader.m in Sources */ = {isa = PBXBuildFile; fileRef = CD6ED8D21999F3380070CF4E /* SDWebImageDownloader.m */; };
		CD6ED91A1999F3380070CF4E /* SDWebImageDownloaderOperation.m in Sources */ = {isa = PBXBuildFile; fileRef = CD6ED8D41999F3380070CF4E /* SDWebImageDownloaderOperation.m */; };
		CD6ED91C1999F3380070CF4E /* SDWebImageManager.m in Sources */ = {isa = PBXBuildFile; fileRef = CD6ED8D61999F3380070CF4E /* SDWebImageManager.m */; };
		CD6ED91F1999F3380070CF4E /* SDWebImagePrefetcher.m in Sources */ = {isa = PBXBuildFile; fileRef = CD6ED8D91999F3380070CF4E /* SDWebImagePrefetcher.m */; };
		CD6ED9211999F3380070CF4E /* UIButton+WebCache.m in Sources */ = {isa = PBXBuildFile; fileRef = CD6ED8DB1999F3380070CF4E /* UIButton+WebCache.m */; };
		CD6ED9231999F3380070CF4E /* UIImage+GIF.m in Sources */ = {isa = PBXBuildFile; fileRef = CD6ED8DD1999F3380070CF4E /* UIImage+GIF.m */; };
		CD6ED9251999F3380070CF4E /* UIImage+MultiFormat.m in Sources */ = {isa = PBXBuildFile; fileRef = CD6ED8DF1999F3380070CF4E /* UIImage+MultiFormat.m */; };
		CD6ED9271999F3380070CF4E /* UIImage+WebP.m in Sources */ = {isa = PBXBuildFile; fileRef = CD6ED8E11999F3380070CF4E /* UIImage+WebP.m */; };
		CD6ED9291999F3380070CF4E /* UIImageView+HighlightedWebCache.m in Sources */ = {isa = PBXBuildFile; fileRef = CD6ED8E31999F3380070CF4E /* UIImageView+HighlightedWebCache.m */; };
		CD6ED92B1999F3380070CF4E /* UIImageView+WebCache.m in Sources */ = {isa = PBXBuildFile; fileRef = CD6ED8E51999F3380070CF4E /* UIImageView+WebCache.m */; };
		CD6ED92D1999F3380070CF4E /* UIView+WebCacheOperation.m in Sources */ = {isa = PBXBuildFile; fileRef = CD6ED8E71999F3380070CF4E /* UIView+WebCacheOperation.m */; };
		CD738BBE19988DF5001B1BAE /* ZTSystemInfo.m in Sources */ = {isa = PBXBuildFile; fileRef = CD738BBC19988DF5001B1BAE /* ZTSystemInfo.m */; };
		CD7EE74919A19F55004909B9 /* ZTObserver.m in Sources */ = {isa = PBXBuildFile; fileRef = CD7EE74719A19F55004909B9 /* ZTObserver.m */; };
		CD7EE74A19A19F55004909B9 /* ZTObserver.h in Headers */ = {isa = PBXBuildFile; fileRef = CD7EE74819A19F55004909B9 /* ZTObserver.h */; settings = {ATTRIBUTES = (Public, ); }; };
		CD845B1F1974BFE8000D6B51 /* Security.framework in Frameworks */ = {isa = PBXBuildFile; fileRef = CD845B1E1974BFE8000D6B51 /* Security.framework */; };
		CDA2CA4F19654E2F00C8D186 /* Foundation.framework in Frameworks */ = {isa = PBXBuildFile; fileRef = CDA2CA4E19654E2F00C8D186 /* Foundation.framework */; };
		CDA2CA821965535500C8D186 /* UIKit.framework in Frameworks */ = {isa = PBXBuildFile; fileRef = CDA2CA811965535500C8D186 /* UIKit.framework */; };
		CDA2CA841965536E00C8D186 /* CoreGraphics.framework in Frameworks */ = {isa = PBXBuildFile; fileRef = CDA2CA831965536E00C8D186 /* CoreGraphics.framework */; };
		CDA2CA87196553D300C8D186 /* QuartzCore.framework in Frameworks */ = {isa = PBXBuildFile; fileRef = CDA2CA86196553D300C8D186 /* QuartzCore.framework */; };
		CDBDA85A196D23E3000FA46B /* CoreFoundation.framework in Frameworks */ = {isa = PBXBuildFile; fileRef = CDBDA859196D23E3000FA46B /* CoreFoundation.framework */; };
		CDBDA870196D26E2000FA46B /* Images in Resources */ = {isa = PBXBuildFile; fileRef = CDBDA86F196D26E2000FA46B /* Images */; };
		CDC6399B19A1A1AD00571D73 /* Foundation.framework in Frameworks */ = {isa = PBXBuildFile; fileRef = CDA2CA4E19654E2F00C8D186 /* Foundation.framework */; };
		CDC6399C19A1A1AD00571D73 /* CoreGraphics.framework in Frameworks */ = {isa = PBXBuildFile; fileRef = CDA2CA831965536E00C8D186 /* CoreGraphics.framework */; };
		CDC6399D19A1A1AD00571D73 /* UIKit.framework in Frameworks */ = {isa = PBXBuildFile; fileRef = CDA2CA811965535500C8D186 /* UIKit.framework */; };
		CDC639A319A1A1AD00571D73 /* InfoPlist.strings in Resources */ = {isa = PBXBuildFile; fileRef = CDC639A119A1A1AD00571D73 /* InfoPlist.strings */; };
		CDC639A519A1A1AD00571D73 /* main.m in Sources */ = {isa = PBXBuildFile; fileRef = CDC639A419A1A1AD00571D73 /* main.m */; };
		CDC639A919A1A1AD00571D73 /* AppDelegate.m in Sources */ = {isa = PBXBuildFile; fileRef = CDC639A819A1A1AD00571D73 /* AppDelegate.m */; };
		CDC639AB19A1A1AD00571D73 /* Images.xcassets in Resources */ = {isa = PBXBuildFile; fileRef = CDC639AA19A1A1AD00571D73 /* Images.xcassets */; };
		CDC639C419A1A1CB00571D73 /* libZTFramework.a in Frameworks */ = {isa = PBXBuildFile; fileRef = CDA2CA4B19654E2F00C8D186 /* libZTFramework.a */; };
		CDC77AD1199AFEE500AF1043 /* ZTDebug.h in Headers */ = {isa = PBXBuildFile; fileRef = CDF490ED199329F600496F24 /* ZTDebug.h */; settings = {ATTRIBUTES = (Public, ); }; };
		CDC77AD3199AFEFD00AF1043 /* ZTMacroUtils.h in Headers */ = {isa = PBXBuildFile; fileRef = CDF490FE19932E0700496F24 /* ZTMacroUtils.h */; settings = {ATTRIBUTES = (Public, ); }; };
		CDC77AD4199AFEFD00AF1043 /* ZTFoundation.h in Headers */ = {isa = PBXBuildFile; fileRef = CD536CB619988D09001F3587 /* ZTFoundation.h */; settings = {ATTRIBUTES = (Public, ); }; };
		CDC77AD5199AFEFD00AF1043 /* ZTSystemInfo.h in Headers */ = {isa = PBXBuildFile; fileRef = CD738BBB19988DF5001B1BAE /* ZTSystemInfo.h */; settings = {ATTRIBUTES = (Public, ); }; };
		CDC77AD6199AFEFD00AF1043 /* ZTSandbox.h in Headers */ = {isa = PBXBuildFile; fileRef = CD5A417B1999AAA300FA68DE /* ZTSandbox.h */; settings = {ATTRIBUTES = (Public, ); }; };
		CDC77AD7199AFEFD00AF1043 /* ZTDataLite.h in Headers */ = {isa = PBXBuildFile; fileRef = CD5A41801999BD2200FA68DE /* ZTDataLite.h */; settings = {ATTRIBUTES = (Public, ); }; };
		CDC77AD8199AFEFD00AF1043 /* ZTNotification.h in Headers */ = {isa = PBXBuildFile; fileRef = CD5A41841999C3E900FA68DE /* ZTNotification.h */; settings = {ATTRIBUTES = (Public, ); }; };
		CDC77ADA199AFEFD00AF1043 /* ZTThread.h in Headers */ = {isa = PBXBuildFile; fileRef = CD5A418C1999C4AA00FA68DE /* ZTThread.h */; settings = {ATTRIBUTES = (Public, ); }; };
		CDC77ADB199AFEFD00AF1043 /* ZTCommon.h in Headers */ = {isa = PBXBuildFile; fileRef = CDD75C0E1999E57F00E56B80 /* ZTCommon.h */; settings = {ATTRIBUTES = (Public, ); }; };
		CDC77ADC199AFF7C00AF1043 /* ZTWebView.h in Headers */ = {isa = PBXBuildFile; fileRef = CDD75D521999EE4E00E56B80 /* ZTWebView.h */; settings = {ATTRIBUTES = (Public, ); }; };
		CDC77ADD199AFF7C00AF1043 /* ZTTableCell.h in Headers */ = {isa = PBXBuildFile; fileRef = CDD75D551999EE4E00E56B80 /* ZTTableCell.h */; settings = {ATTRIBUTES = (Public, ); }; };
		CDC77ADE199AFF7C00AF1043 /* ZTTableConstant.h in Headers */ = {isa = PBXBuildFile; fileRef = CDD75D571999EE4E00E56B80 /* ZTTableConstant.h */; settings = {ATTRIBUTES = (Public, ); }; };
		CDC77ADF199AFF7C00AF1043 /* ZTTableDataSource.h in Headers */ = {isa = PBXBuildFile; fileRef = CDD75D581999EE4E00E56B80 /* ZTTableDataSource.h */; settings = {ATTRIBUTES = (Public, ); }; };
		CDC77AE0199AFF7C00AF1043 /* ZTTableDelegate.h in Headers */ = {isa = PBXBuildFile; fileRef = CDD75D5A1999EE4E00E56B80 /* ZTTableDelegate.h */; settings = {ATTRIBUTES = (Public, ); }; };
		CDC77AE1199AFF7C00AF1043 /* ZTTableMoreCell.h in Headers */ = {isa = PBXBuildFile; fileRef = CDD75D5C1999EE4E00E56B80 /* ZTTableMoreCell.h */; settings = {ATTRIBUTES = (Public, ); }; };
		CDC77AE2199AFF7C00AF1043 /* ZTTableSectionModel.h in Headers */ = {isa = PBXBuildFile; fileRef = CDD75D5E1999EE4E00E56B80 /* ZTTableSectionModel.h */; settings = {ATTRIBUTES = (Public, ); }; };
		CDC77AE3199AFF7C00AF1043 /* ZTTableView.h in Headers */ = {isa = PBXBuildFile; fileRef = CDD75D601999EE4E00E56B80 /* ZTTableView.h */; settings = {ATTRIBUTES = (Public, ); }; };
		CDC77AE4199AFF7C00AF1043 /* ZTTabBar.h in Headers */ = {isa = PBXBuildFile; fileRef = CDD75D631999EE4E00E56B80 /* ZTTabBar.h */; settings = {ATTRIBUTES = (Public, ); }; };
		CDC77AE5199AFF7C00AF1043 /* ZTTabBarConfigs.h in Headers */ = {isa = PBXBuildFile; fileRef = CDD75D651999EE4E00E56B80 /* ZTTabBarConfigs.h */; settings = {ATTRIBUTES = (Public, ); }; };
		CDC77AE6199AFF7C00AF1043 /* ZTTabBarItem.h in Headers */ = {isa = PBXBuildFile; fileRef = CDD75D671999EE4E00E56B80 /* ZTTabBarItem.h */; settings = {ATTRIBUTES = (Public, ); }; };
		CDC77AE9199AFF7C00AF1043 /* ZTTabBarModel.h in Headers */ = {isa = PBXBuildFile; fileRef = CDD75D6D1999EE4E00E56B80 /* ZTTabBarModel.h */; settings = {ATTRIBUTES = (Public, ); }; };
		CDC77AEA199AFF7C00AF1043 /* ZTTabBarNotificationModel.h in Headers */ = {isa = PBXBuildFile; fileRef = CDD75D6F1999EE4E00E56B80 /* ZTTabBarNotificationModel.h */; settings = {ATTRIBUTES = (Public, ); }; };
		CDC77AEB199AFF7C00AF1043 /* ZTSDWebCacheManager.h in Headers */ = {isa = PBXBuildFile; fileRef = CDD75D721999EE4E00E56B80 /* ZTSDWebCacheManager.h */; settings = {ATTRIBUTES = (Public, ); }; };
		CDC77AED199AFF7C00AF1043 /* ZTReachability.h in Headers */ = {isa = PBXBuildFile; fileRef = CDD75D771999EE4E00E56B80 /* ZTReachability.h */; settings = {ATTRIBUTES = (Public, ); }; };
		CDC77AEE199AFF7C00AF1043 /* ZTQRCode.h in Headers */ = {isa = PBXBuildFile; fileRef = CDD75D7A1999EE4E00E56B80 /* ZTQRCode.h */; settings = {ATTRIBUTES = (Public, ); }; };
		CDC77AEF199AFF7C00AF1043 /* ZTNavigation.h in Headers */ = {isa = PBXBuildFile; fileRef = CDD75D7D1999EE4E00E56B80 /* ZTNavigation.h */; settings = {ATTRIBUTES = (Public, ); }; };
		CDC77AF0199AFF7C00AF1043 /* ZTImageView.h in Headers */ = {isa = PBXBuildFile; fileRef = CDD75D801999EE4E00E56B80 /* ZTImageView.h */; settings = {ATTRIBUTES = (Public, ); }; };
		CDC77AF1199AFF7C00AF1043 /* ZTImageScrollView.h in Headers */ = {isa = PBXBuildFile; fileRef = CDD75D831999EE4E00E56B80 /* ZTImageScrollView.h */; settings = {ATTRIBUTES = (Public, ); }; };
		CDC77AF2199AFF7C00AF1043 /* ZTImageScrollViewModel.h in Headers */ = {isa = PBXBuildFile; fileRef = CDD75D851999EE4E00E56B80 /* ZTImageScrollViewModel.h */; settings = {ATTRIBUTES = (Public, ); }; };
		CDC77AF3199AFF7C00AF1043 /* ZTImageBrow.h in Headers */ = {isa = PBXBuildFile; fileRef = CDD75D881999EE4E00E56B80 /* ZTImageBrow.h */; settings = {ATTRIBUTES = (Public, ); }; };
		CDC77AF4199AFF7C00AF1043 /* ZTImageBrowModel.h in Headers */ = {isa = PBXBuildFile; fileRef = CDD75D8A1999EE4E00E56B80 /* ZTImageBrowModel.h */; settings = {ATTRIBUTES = (Public, ); }; };
		CDC77AF5199AFF7D00AF1043 /* ZTImageBrowOverlayView.h in Headers */ = {isa = PBXBuildFile; fileRef = CDD75D8C1999EE4E00E56B80 /* ZTImageBrowOverlayView.h */; settings = {ATTRIBUTES = (Public, ); }; };
		CDC77AF6199AFF7D00AF1043 /* ZTImageBrowZoomView.h in Headers */ = {isa = PBXBuildFile; fileRef = CDD75D8E1999EE4E00E56B80 /* ZTImageBrowZoomView.h */; settings = {ATTRIBUTES = (Public, ); }; };
		CDC77AF7199AFF7D00AF1043 /* ZTFile.h in Headers */ = {isa = PBXBuildFile; fileRef = CDD75D911999EE4E00E56B80 /* ZTFile.h */; settings = {ATTRIBUTES = (Public, ); }; };
		CDC77AF8199AFF7D00AF1043 /* ZTButton.h in Headers */ = {isa = PBXBuildFile; fileRef = CDD75D941999EE4E00E56B80 /* ZTButton.h */; settings = {ATTRIBUTES = (Public, ); }; };
		CDC77AF9199AFF7D00AF1043 /* ZTAnimation.h in Headers */ = {isa = PBXBuildFile; fileRef = CDD75D971999EE4E00E56B80 /* ZTAnimation.h */; settings = {ATTRIBUTES = (Public, ); }; };
		CDC77AFB199AFF7D00AF1043 /* ZTKit.h in Headers */ = {isa = PBXBuildFile; fileRef = CDF490F319932A5E00496F24 /* ZTKit.h */; settings = {ATTRIBUTES = (Public, ); }; };
		CDC77AFC199AFF7D00AF1043 /* ZTPrecompile.h in Headers */ = {isa = PBXBuildFile; fileRef = CDF490F519932A6A00496F24 /* ZTPrecompile.h */; settings = {ATTRIBUTES = (Public, ); }; };
		CDD75C111999E57F00E56B80 /* ZTCommon.m in Sources */ = {isa = PBXBuildFile; fileRef = CDD75C0F1999E57F00E56B80 /* ZTCommon.m */; };
		CDD75C981999ECAF00E56B80 /* ZTUDID.m in Sources */ = {isa = PBXBuildFile; fileRef = CDD75C5A1999ECAF00E56B80 /* ZTUDID.m */; settings = {COMPILER_FLAGS = "-fno-objc-arc"; }; };
		CDD75D9A1999EE4E00E56B80 /* ZTWebView.m in Sources */ = {isa = PBXBuildFile; fileRef = CDD75D531999EE4E00E56B80 /* ZTWebView.m */; };
		CDD75D9C1999EE4E00E56B80 /* ZTTableCell.m in Sources */ = {isa = PBXBuildFile; fileRef = CDD75D561999EE4E00E56B80 /* ZTTableCell.m */; };
		CDD75D9F1999EE4E00E56B80 /* ZTTableDataSource.m in Sources */ = {isa = PBXBuildFile; fileRef = CDD75D591999EE4E00E56B80 /* ZTTableDataSource.m */; };
		CDD75DA11999EE4E00E56B80 /* ZTTableDelegate.m in Sources */ = {isa = PBXBuildFile; fileRef = CDD75D5B1999EE4E00E56B80 /* ZTTableDelegate.m */; };
		CDD75DA31999EE4E00E56B80 /* ZTTableMoreCell.m in Sources */ = {isa = PBXBuildFile; fileRef = CDD75D5D1999EE4E00E56B80 /* ZTTableMoreCell.m */; };
		CDD75DA51999EE4E00E56B80 /* ZTTableSectionModel.m in Sources */ = {isa = PBXBuildFile; fileRef = CDD75D5F1999EE4E00E56B80 /* ZTTableSectionModel.m */; };
		CDD75DA71999EE4E00E56B80 /* ZTTableView.m in Sources */ = {isa = PBXBuildFile; fileRef = CDD75D611999EE4E00E56B80 /* ZTTableView.m */; };
		CDD75DA91999EE4E00E56B80 /* ZTTabBar.m in Sources */ = {isa = PBXBuildFile; fileRef = CDD75D641999EE4E00E56B80 /* ZTTabBar.m */; };
		CDD75DAB1999EE4E00E56B80 /* ZTTabBarConfigs.m in Sources */ = {isa = PBXBuildFile; fileRef = CDD75D661999EE4E00E56B80 /* ZTTabBarConfigs.m */; };
		CDD75DAD1999EE4E00E56B80 /* ZTTabBarItem.m in Sources */ = {isa = PBXBuildFile; fileRef = CDD75D681999EE4E00E56B80 /* ZTTabBarItem.m */; };
		CDD75DAF1999EE4E00E56B80 /* ZTTabBarItemBadge.m in Sources */ = {isa = PBXBuildFile; fileRef = CDD75D6A1999EE4E00E56B80 /* ZTTabBarItemBadge.m */; };
		CDD75DB11999EE4E00E56B80 /* ZTTabBarItemGroup.m in Sources */ = {isa = PBXBuildFile; fileRef = CDD75D6C1999EE4E00E56B80 /* ZTTabBarItemGroup.m */; };
		CDD75DB31999EE4E00E56B80 /* ZTTabBarModel.m in Sources */ = {isa = PBXBuildFile; fileRef = CDD75D6E1999EE4E00E56B80 /* ZTTabBarModel.m */; };
		CDD75DB51999EE4E00E56B80 /* ZTTabBarNotificationModel.m in Sources */ = {isa = PBXBuildFile; fileRef = CDD75D701999EE4E00E56B80 /* ZTTabBarNotificationModel.m */; };
		CDD75DB71999EE4E00E56B80 /* ZTSDWebCacheManager.m in Sources */ = {isa = PBXBuildFile; fileRef = CDD75D731999EE4E00E56B80 /* ZTSDWebCacheManager.m */; };
		CDD75DB91999EE4E00E56B80 /* Reachability.m in Sources */ = {isa = PBXBuildFile; fileRef = CDD75D761999EE4E00E56B80 /* Reachability.m */; };
		CDD75DBB1999EE4E00E56B80 /* ZTReachability.m in Sources */ = {isa = PBXBuildFile; fileRef = CDD75D781999EE4E00E56B80 /* ZTReachability.m */; };
		CDD75DBD1999EE4E00E56B80 /* ZTQRCode.m in Sources */ = {isa = PBXBuildFile; fileRef = CDD75D7B1999EE4E00E56B80 /* ZTQRCode.m */; };
		CDD75DBF1999EE4E00E56B80 /* ZTNavigation.m in Sources */ = {isa = PBXBuildFile; fileRef = CDD75D7E1999EE4E00E56B80 /* ZTNavigation.m */; };
		CDD75DC11999EE4E00E56B80 /* ZTImageView.m in Sources */ = {isa = PBXBuildFile; fileRef = CDD75D811999EE4E00E56B80 /* ZTImageView.m */; };
		CDD75DC31999EE4E00E56B80 /* ZTImageScrollView.m in Sources */ = {isa = PBXBuildFile; fileRef = CDD75D841999EE4E00E56B80 /* ZTImageScrollView.m */; };
		CDD75DC51999EE4E00E56B80 /* ZTImageScrollViewModel.m in Sources */ = {isa = PBXBuildFile; fileRef = CDD75D861999EE4E00E56B80 /* ZTImageScrollViewModel.m */; };
		CDD75DC71999EE4E00E56B80 /* ZTImageBrow.m in Sources */ = {isa = PBXBuildFile; fileRef = CDD75D891999EE4E00E56B80 /* ZTImageBrow.m */; };
		CDD75DC91999EE4E00E56B80 /* ZTImageBrowModel.m in Sources */ = {isa = PBXBuildFile; fileRef = CDD75D8B1999EE4E00E56B80 /* ZTImageBrowModel.m */; };
		CDD75DCB1999EE4E00E56B80 /* ZTImageBrowOverlayView.m in Sources */ = {isa = PBXBuildFile; fileRef = CDD75D8D1999EE4E00E56B80 /* ZTImageBrowOverlayView.m */; };
		CDD75DCD1999EE4E00E56B80 /* ZTImageBrowZoomView.m in Sources */ = {isa = PBXBuildFile; fileRef = CDD75D8F1999EE4E00E56B80 /* ZTImageBrowZoomView.m */; };
		CDD75DCF1999EE4E00E56B80 /* ZTFile.m in Sources */ = {isa = PBXBuildFile; fileRef = CDD75D921999EE4E00E56B80 /* ZTFile.m */; };
		CDD75DD11999EE4E00E56B80 /* ZTButton.m in Sources */ = {isa = PBXBuildFile; fileRef = CDD75D951999EE4E00E56B80 /* ZTButton.m */; };
		CDD75DD31999EE4E00E56B80 /* ZTAnimation.m in Sources */ = {isa = PBXBuildFile; fileRef = CDD75D981999EE4E00E56B80 /* ZTAnimation.m */; };
		CDF490F2199329F600496F24 /* ZTDebug.m in Sources */ = {isa = PBXBuildFile; fileRef = CDF490EE199329F600496F24 /* ZTDebug.m */; };
/* End PBXBuildFile section */

/* Begin PBXCopyFilesBuildPhase section */
		CDA2CA4919654E2F00C8D186 /* CopyFiles */ = {
			isa = PBXCopyFilesBuildPhase;
			buildActionMask = 2147483647;
			dstPath = "include/$(PRODUCT_NAME)";
			dstSubfolderSpec = 16;
			files = (
			);
			runOnlyForDeploymentPostprocessing = 0;
		};
/* End PBXCopyFilesBuildPhase section */

/* Begin PBXFileReference section */
		CD536CB619988D09001F3587 /* ZTFoundation.h */ = {isa = PBXFileReference; fileEncoding = 4; lastKnownFileType = sourcecode.c.h; path = ZTFoundation.h; sourceTree = "<group>"; };
		CD5A417B1999AAA300FA68DE /* ZTSandbox.h */ = {isa = PBXFileReference; fileEncoding = 4; lastKnownFileType = sourcecode.c.h; path = ZTSandbox.h; sourceTree = "<group>"; };
		CD5A417C1999AAA300FA68DE /* ZTSandbox.m */ = {isa = PBXFileReference; fileEncoding = 4; lastKnownFileType = sourcecode.c.objc; path = ZTSandbox.m; sourceTree = "<group>"; };
		CD5A41801999BD2200FA68DE /* ZTDataLite.h */ = {isa = PBXFileReference; fileEncoding = 4; lastKnownFileType = sourcecode.c.h; path = ZTDataLite.h; sourceTree = "<group>"; };
		CD5A41811999BD2200FA68DE /* ZTDataLite.m */ = {isa = PBXFileReference; fileEncoding = 4; lastKnownFileType = sourcecode.c.objc; path = ZTDataLite.m; sourceTree = "<group>"; };
		CD5A41841999C3E900FA68DE /* ZTNotification.h */ = {isa = PBXFileReference; fileEncoding = 4; lastKnownFileType = sourcecode.c.h; path = ZTNotification.h; sourceTree = "<group>"; };
		CD5A41851999C3E900FA68DE /* ZTNotification.m */ = {isa = PBXFileReference; fileEncoding = 4; lastKnownFileType = sourcecode.c.objc; path = ZTNotification.m; sourceTree = "<group>"; };
		CD5A418C1999C4AA00FA68DE /* ZTThread.h */ = {isa = PBXFileReference; fileEncoding = 4; lastKnownFileType = sourcecode.c.h; path = ZTThread.h; sourceTree = "<group>"; };
		CD5A418D1999C4AA00FA68DE /* ZTThread.m */ = {isa = PBXFileReference; fileEncoding = 4; lastKnownFileType = sourcecode.c.objc; path = ZTThread.m; sourceTree = "<group>"; };
		CD6A111119A1AA0B006F22F6 /* mainViewController.h */ = {isa = PBXFileReference; fileEncoding = 4; lastKnownFileType = sourcecode.c.h; path = mainViewController.h; sourceTree = "<group>"; };
		CD6A111219A1AA0B006F22F6 /* mainViewController.m */ = {isa = PBXFileReference; fileEncoding = 4; lastKnownFileType = sourcecode.c.objc; path = mainViewController.m; sourceTree = "<group>"; };
		CD6ED8A01999F3380070CF4E /* Decoder.h */ = {isa = PBXFileReference; fileEncoding = 4; lastKnownFileType = sourcecode.c.h; path = Decoder.h; sourceTree = "<group>"; };
		CD6ED8A11999F3380070CF4E /* Exception.h */ = {isa = PBXFileReference; fileEncoding = 4; lastKnownFileType = sourcecode.c.h; path = Exception.h; sourceTree = "<group>"; };
		CD6ED8A21999F3380070CF4E /* Image.h */ = {isa = PBXFileReference; fileEncoding = 4; lastKnownFileType = sourcecode.c.h; path = Image.h; sourceTree = "<group>"; };
		CD6ED8A31999F3380070CF4E /* ImageScanner.h */ = {isa = PBXFileReference; fileEncoding = 4; lastKnownFileType = sourcecode.c.h; path = ImageScanner.h; sourceTree = "<group>"; };
		CD6ED8A41999F3380070CF4E /* Processor.h */ = {isa = PBXFileReference; fileEncoding = 4; lastKnownFileType = sourcecode.c.h; path = Processor.h; sourceTree = "<group>"; };
		CD6ED8A51999F3380070CF4E /* Scanner.h */ = {isa = PBXFileReference; fileEncoding = 4; lastKnownFileType = sourcecode.c.h; path = Scanner.h; sourceTree = "<group>"; };
		CD6ED8A61999F3380070CF4E /* Symbol.h */ = {isa = PBXFileReference; fileEncoding = 4; lastKnownFileType = sourcecode.c.h; path = Symbol.h; sourceTree = "<group>"; };
		CD6ED8A71999F3380070CF4E /* Video.h */ = {isa = PBXFileReference; fileEncoding = 4; lastKnownFileType = sourcecode.c.h; path = Video.h; sourceTree = "<group>"; };
		CD6ED8A81999F3380070CF4E /* Window.h */ = {isa = PBXFileReference; fileEncoding = 4; lastKnownFileType = sourcecode.c.h; path = Window.h; sourceTree = "<group>"; };
		CD6ED8A91999F3380070CF4E /* zbar.h */ = {isa = PBXFileReference; fileEncoding = 4; lastKnownFileType = sourcecode.c.h; path = zbar.h; sourceTree = "<group>"; };
		CD6ED8AA1999F3380070CF4E /* ZBarCameraSimulator.h */ = {isa = PBXFileReference; fileEncoding = 4; lastKnownFileType = sourcecode.c.h; path = ZBarCameraSimulator.h; sourceTree = "<group>"; };
		CD6ED8AB1999F3380070CF4E /* ZBarCaptureReader.h */ = {isa = PBXFileReference; fileEncoding = 4; lastKnownFileType = sourcecode.c.h; path = ZBarCaptureReader.h; sourceTree = "<group>"; };
		CD6ED8AC1999F3380070CF4E /* ZBarHelpController.h */ = {isa = PBXFileReference; fileEncoding = 4; lastKnownFileType = sourcecode.c.h; path = ZBarHelpController.h; sourceTree = "<group>"; };
		CD6ED8AD1999F3380070CF4E /* ZBarImage.h */ = {isa = PBXFileReference; fileEncoding = 4; lastKnownFileType = sourcecode.c.h; path = ZBarImage.h; sourceTree = "<group>"; };
		CD6ED8AE1999F3380070CF4E /* ZBarImageScanner.h */ = {isa = PBXFileReference; fileEncoding = 4; lastKnownFileType = sourcecode.c.h; path = ZBarImageScanner.h; sourceTree = "<group>"; };
		CD6ED8AF1999F3380070CF4E /* ZBarReaderController.h */ = {isa = PBXFileReference; fileEncoding = 4; lastKnownFileType = sourcecode.c.h; path = ZBarReaderController.h; sourceTree = "<group>"; };
		CD6ED8B01999F3380070CF4E /* ZBarReaderView.h */ = {isa = PBXFileReference; fileEncoding = 4; lastKnownFileType = sourcecode.c.h; path = ZBarReaderView.h; sourceTree = "<group>"; };
		CD6ED8B11999F3380070CF4E /* ZBarReaderViewController.h */ = {isa = PBXFileReference; fileEncoding = 4; lastKnownFileType = sourcecode.c.h; path = ZBarReaderViewController.h; sourceTree = "<group>"; };
		CD6ED8B21999F3380070CF4E /* ZBarSDK.h */ = {isa = PBXFileReference; fileEncoding = 4; lastKnownFileType = sourcecode.c.h; path = ZBarSDK.h; sourceTree = "<group>"; };
		CD6ED8B31999F3380070CF4E /* ZBarSymbol.h */ = {isa = PBXFileReference; fileEncoding = 4; lastKnownFileType = sourcecode.c.h; path = ZBarSymbol.h; sourceTree = "<group>"; };
		CD6ED8B51999F3380070CF4E /* bitstream.c */ = {isa = PBXFileReference; fileEncoding = 4; lastKnownFileType = sourcecode.c.c; path = bitstream.c; sourceTree = "<group>"; };
		CD6ED8B61999F3380070CF4E /* bitstream.h */ = {isa = PBXFileReference; fileEncoding = 4; lastKnownFileType = sourcecode.c.h; path = bitstream.h; sourceTree = "<group>"; };
		CD6ED8B71999F3380070CF4E /* mask.c */ = {isa = PBXFileReference; fileEncoding = 4; lastKnownFileType = sourcecode.c.c; path = mask.c; sourceTree = "<group>"; };
		CD6ED8B81999F3380070CF4E /* mask.h */ = {isa = PBXFileReference; fileEncoding = 4; lastKnownFileType = sourcecode.c.h; path = mask.h; sourceTree = "<group>"; };
		CD6ED8B91999F3380070CF4E /* QRCodeGenerator.h */ = {isa = PBXFileReference; fileEncoding = 4; lastKnownFileType = sourcecode.c.h; path = QRCodeGenerator.h; sourceTree = "<group>"; };
		CD6ED8BA1999F3380070CF4E /* QRCodeGenerator.m */ = {isa = PBXFileReference; fileEncoding = 4; lastKnownFileType = sourcecode.c.objc; path = QRCodeGenerator.m; sourceTree = "<group>"; };
		CD6ED8BB1999F3380070CF4E /* qrencode.c */ = {isa = PBXFileReference; fileEncoding = 4; lastKnownFileType = sourcecode.c.c; path = qrencode.c; sourceTree = "<group>"; };
		CD6ED8BC1999F3380070CF4E /* qrencode.h */ = {isa = PBXFileReference; fileEncoding = 4; lastKnownFileType = sourcecode.c.h; path = qrencode.h; sourceTree = "<group>"; };
		CD6ED8BD1999F3380070CF4E /* qrinput.c */ = {isa = PBXFileReference; fileEncoding = 4; lastKnownFileType = sourcecode.c.c; path = qrinput.c; sourceTree = "<group>"; };
		CD6ED8BE1999F3380070CF4E /* qrinput.h */ = {isa = PBXFileReference; fileEncoding = 4; lastKnownFileType = sourcecode.c.h; path = qrinput.h; sourceTree = "<group>"; };
		CD6ED8BF1999F3380070CF4E /* qrspec.c */ = {isa = PBXFileReference; fileEncoding = 4; lastKnownFileType = sourcecode.c.c; path = qrspec.c; sourceTree = "<group>"; };
		CD6ED8C01999F3380070CF4E /* qrspec.h */ = {isa = PBXFileReference; fileEncoding = 4; lastKnownFileType = sourcecode.c.h; path = qrspec.h; sourceTree = "<group>"; };
		CD6ED8C11999F3380070CF4E /* rscode.c */ = {isa = PBXFileReference; fileEncoding = 4; lastKnownFileType = sourcecode.c.c; path = rscode.c; sourceTree = "<group>"; };
		CD6ED8C21999F3380070CF4E /* rscode.h */ = {isa = PBXFileReference; fileEncoding = 4; lastKnownFileType = sourcecode.c.h; path = rscode.h; sourceTree = "<group>"; };
		CD6ED8C31999F3380070CF4E /* split.c */ = {isa = PBXFileReference; fileEncoding = 4; lastKnownFileType = sourcecode.c.c; path = split.c; sourceTree = "<group>"; };
		CD6ED8C41999F3380070CF4E /* split.h */ = {isa = PBXFileReference; fileEncoding = 4; lastKnownFileType = sourcecode.c.h; path = split.h; sourceTree = "<group>"; };
		CD6ED8C51999F3380070CF4E /* libzbar.a */ = {isa = PBXFileReference; lastKnownFileType = archive.ar; path = libzbar.a; sourceTree = "<group>"; };
		CD6ED8C71999F3380070CF4E /* MKAnnotationView+WebCache.h */ = {isa = PBXFileReference; fileEncoding = 4; lastKnownFileType = sourcecode.c.h; path = "MKAnnotationView+WebCache.h"; sourceTree = "<group>"; };
		CD6ED8C81999F3380070CF4E /* MKAnnotationView+WebCache.m */ = {isa = PBXFileReference; fileEncoding = 4; lastKnownFileType = sourcecode.c.objc; path = "MKAnnotationView+WebCache.m"; sourceTree = "<group>"; };
		CD6ED8C91999F3380070CF4E /* NSData+ImageContentType.h */ = {isa = PBXFileReference; fileEncoding = 4; lastKnownFileType = sourcecode.c.h; path = "NSData+ImageContentType.h"; sourceTree = "<group>"; };
		CD6ED8CA1999F3380070CF4E /* NSData+ImageContentType.m */ = {isa = PBXFileReference; fileEncoding = 4; lastKnownFileType = sourcecode.c.objc; path = "NSData+ImageContentType.m"; sourceTree = "<group>"; };
		CD6ED8CB1999F3380070CF4E /* SDImageCache.h */ = {isa = PBXFileReference; fileEncoding = 4; lastKnownFileType = sourcecode.c.h; path = SDImageCache.h; sourceTree = "<group>"; };
		CD6ED8CC1999F3380070CF4E /* SDImageCache.m */ = {isa = PBXFileReference; fileEncoding = 4; lastKnownFileType = sourcecode.c.objc; path = SDImageCache.m; sourceTree = "<group>"; };
		CD6ED8CD1999F3380070CF4E /* SDWebImageCompat.h */ = {isa = PBXFileReference; fileEncoding = 4; lastKnownFileType = sourcecode.c.h; path = SDWebImageCompat.h; sourceTree = "<group>"; };
		CD6ED8CE1999F3380070CF4E /* SDWebImageCompat.m */ = {isa = PBXFileReference; fileEncoding = 4; lastKnownFileType = sourcecode.c.objc; path = SDWebImageCompat.m; sourceTree = "<group>"; };
		CD6ED8CF1999F3380070CF4E /* SDWebImageDecoder.h */ = {isa = PBXFileReference; fileEncoding = 4; lastKnownFileType = sourcecode.c.h; path = SDWebImageDecoder.h; sourceTree = "<group>"; };
		CD6ED8D01999F3380070CF4E /* SDWebImageDecoder.m */ = {isa = PBXFileReference; fileEncoding = 4; lastKnownFileType = sourcecode.c.objc; path = SDWebImageDecoder.m; sourceTree = "<group>"; };
		CD6ED8D11999F3380070CF4E /* SDWebImageDownloader.h */ = {isa = PBXFileReference; fileEncoding = 4; lastKnownFileType = sourcecode.c.h; path = SDWebImageDownloader.h; sourceTree = "<group>"; };
		CD6ED8D21999F3380070CF4E /* SDWebImageDownloader.m */ = {isa = PBXFileReference; fileEncoding = 4; lastKnownFileType = sourcecode.c.objc; path = SDWebImageDownloader.m; sourceTree = "<group>"; };
		CD6ED8D31999F3380070CF4E /* SDWebImageDownloaderOperation.h */ = {isa = PBXFileReference; fileEncoding = 4; lastKnownFileType = sourcecode.c.h; path = SDWebImageDownloaderOperation.h; sourceTree = "<group>"; };
		CD6ED8D41999F3380070CF4E /* SDWebImageDownloaderOperation.m */ = {isa = PBXFileReference; fileEncoding = 4; lastKnownFileType = sourcecode.c.objc; path = SDWebImageDownloaderOperation.m; sourceTree = "<group>"; };
		CD6ED8D51999F3380070CF4E /* SDWebImageManager.h */ = {isa = PBXFileReference; fileEncoding = 4; lastKnownFileType = sourcecode.c.h; path = SDWebImageManager.h; sourceTree = "<group>"; };
		CD6ED8D61999F3380070CF4E /* SDWebImageManager.m */ = {isa = PBXFileReference; fileEncoding = 4; lastKnownFileType = sourcecode.c.objc; path = SDWebImageManager.m; sourceTree = "<group>"; };
		CD6ED8D71999F3380070CF4E /* SDWebImageOperation.h */ = {isa = PBXFileReference; fileEncoding = 4; lastKnownFileType = sourcecode.c.h; path = SDWebImageOperation.h; sourceTree = "<group>"; };
		CD6ED8D81999F3380070CF4E /* SDWebImagePrefetcher.h */ = {isa = PBXFileReference; fileEncoding = 4; lastKnownFileType = sourcecode.c.h; path = SDWebImagePrefetcher.h; sourceTree = "<group>"; };
		CD6ED8D91999F3380070CF4E /* SDWebImagePrefetcher.m */ = {isa = PBXFileReference; fileEncoding = 4; lastKnownFileType = sourcecode.c.objc; path = SDWebImagePrefetcher.m; sourceTree = "<group>"; };
		CD6ED8DA1999F3380070CF4E /* UIButton+WebCache.h */ = {isa = PBXFileReference; fileEncoding = 4; lastKnownFileType = sourcecode.c.h; path = "UIButton+WebCache.h"; sourceTree = "<group>"; };
		CD6ED8DB1999F3380070CF4E /* UIButton+WebCache.m */ = {isa = PBXFileReference; fileEncoding = 4; lastKnownFileType = sourcecode.c.objc; path = "UIButton+WebCache.m"; sourceTree = "<group>"; };
		CD6ED8DC1999F3380070CF4E /* UIImage+GIF.h */ = {isa = PBXFileReference; fileEncoding = 4; lastKnownFileType = sourcecode.c.h; path = "UIImage+GIF.h"; sourceTree = "<group>"; };
		CD6ED8DD1999F3380070CF4E /* UIImage+GIF.m */ = {isa = PBXFileReference; fileEncoding = 4; lastKnownFileType = sourcecode.c.objc; path = "UIImage+GIF.m"; sourceTree = "<group>"; };
		CD6ED8DE1999F3380070CF4E /* UIImage+MultiFormat.h */ = {isa = PBXFileReference; fileEncoding = 4; lastKnownFileType = sourcecode.c.h; path = "UIImage+MultiFormat.h"; sourceTree = "<group>"; };
		CD6ED8DF1999F3380070CF4E /* UIImage+MultiFormat.m */ = {isa = PBXFileReference; fileEncoding = 4; lastKnownFileType = sourcecode.c.objc; path = "UIImage+MultiFormat.m"; sourceTree = "<group>"; };
		CD6ED8E01999F3380070CF4E /* UIImage+WebP.h */ = {isa = PBXFileReference; fileEncoding = 4; lastKnownFileType = sourcecode.c.h; path = "UIImage+WebP.h"; sourceTree = "<group>"; };
		CD6ED8E11999F3380070CF4E /* UIImage+WebP.m */ = {isa = PBXFileReference; fileEncoding = 4; lastKnownFileType = sourcecode.c.objc; path = "UIImage+WebP.m"; sourceTree = "<group>"; };
		CD6ED8E21999F3380070CF4E /* UIImageView+HighlightedWebCache.h */ = {isa = PBXFileReference; fileEncoding = 4; lastKnownFileType = sourcecode.c.h; path = "UIImageView+HighlightedWebCache.h"; sourceTree = "<group>"; };
		CD6ED8E31999F3380070CF4E /* UIImageView+HighlightedWebCache.m */ = {isa = PBXFileReference; fileEncoding = 4; lastKnownFileType = sourcecode.c.objc; path = "UIImageView+HighlightedWebCache.m"; sourceTree = "<group>"; };
		CD6ED8E41999F3380070CF4E /* UIImageView+WebCache.h */ = {isa = PBXFileReference; fileEncoding = 4; lastKnownFileType = sourcecode.c.h; path = "UIImageView+WebCache.h"; sourceTree = "<group>"; };
		CD6ED8E51999F3380070CF4E /* UIImageView+WebCache.m */ = {isa = PBXFileReference; fileEncoding = 4; lastKnownFileType = sourcecode.c.objc; path = "UIImageView+WebCache.m"; sourceTree = "<group>"; };
		CD6ED8E61999F3380070CF4E /* UIView+WebCacheOperation.h */ = {isa = PBXFileReference; fileEncoding = 4; lastKnownFileType = sourcecode.c.h; path = "UIView+WebCacheOperation.h"; sourceTree = "<group>"; };
		CD6ED8E71999F3380070CF4E /* UIView+WebCacheOperation.m */ = {isa = PBXFileReference; fileEncoding = 4; lastKnownFileType = sourcecode.c.objc; path = "UIView+WebCacheOperation.m"; sourceTree = "<group>"; };
		CD738BBB19988DF5001B1BAE /* ZTSystemInfo.h */ = {isa = PBXFileReference; fileEncoding = 4; lastKnownFileType = sourcecode.c.h; path = ZTSystemInfo.h; sourceTree = "<group>"; };
		CD738BBC19988DF5001B1BAE /* ZTSystemInfo.m */ = {isa = PBXFileReference; fileEncoding = 4; lastKnownFileType = sourcecode.c.objc; path = ZTSystemInfo.m; sourceTree = "<group>"; };
		CD7EE74719A19F55004909B9 /* ZTObserver.m */ = {isa = PBXFileReference; fileEncoding = 4; lastKnownFileType = sourcecode.c.objc; path = ZTObserver.m; sourceTree = "<group>"; };
		CD7EE74819A19F55004909B9 /* ZTObserver.h */ = {isa = PBXFileReference; fileEncoding = 4; lastKnownFileType = sourcecode.c.h; path = ZTObserver.h; sourceTree = "<group>"; };
		CD845B1E1974BFE8000D6B51 /* Security.framework */ = {isa = PBXFileReference; lastKnownFileType = wrapper.framework; name = Security.framework; path = System/Library/Frameworks/Security.framework; sourceTree = SDKROOT; };
		CDA2CA4B19654E2F00C8D186 /* libZTFramework.a */ = {isa = PBXFileReference; explicitFileType = archive.ar; includeInIndex = 0; path = libZTFramework.a; sourceTree = BUILT_PRODUCTS_DIR; };
		CDA2CA4E19654E2F00C8D186 /* Foundation.framework */ = {isa = PBXFileReference; lastKnownFileType = wrapper.framework; name = Foundation.framework; path = System/Library/Frameworks/Foundation.framework; sourceTree = SDKROOT; };
		CDA2CA5219654E2F00C8D186 /* ZTFramework-Prefix.pch */ = {isa = PBXFileReference; lastKnownFileType = sourcecode.c.h; path = "ZTFramework-Prefix.pch"; sourceTree = "<group>"; };
		CDA2CA5C19654E2F00C8D186 /* XCTest.framework */ = {isa = PBXFileReference; lastKnownFileType = wrapper.framework; name = XCTest.framework; path = Library/Frameworks/XCTest.framework; sourceTree = DEVELOPER_DIR; };
		CDA2CA811965535500C8D186 /* UIKit.framework */ = {isa = PBXFileReference; lastKnownFileType = wrapper.framework; name = UIKit.framework; path = System/Library/Frameworks/UIKit.framework; sourceTree = SDKROOT; };
		CDA2CA831965536E00C8D186 /* CoreGraphics.framework */ = {isa = PBXFileReference; lastKnownFileType = wrapper.framework; name = CoreGraphics.framework; path = System/Library/Frameworks/CoreGraphics.framework; sourceTree = SDKROOT; };
		CDA2CA86196553D300C8D186 /* QuartzCore.framework */ = {isa = PBXFileReference; lastKnownFileType = wrapper.framework; name = QuartzCore.framework; path = System/Library/Frameworks/QuartzCore.framework; sourceTree = SDKROOT; };
		CDBDA858196D23E3000FA46B /* ZTFrameworkBundle.bundle */ = {isa = PBXFileReference; explicitFileType = wrapper.cfbundle; includeInIndex = 0; path = ZTFrameworkBundle.bundle; sourceTree = BUILT_PRODUCTS_DIR; };
		CDBDA859196D23E3000FA46B /* CoreFoundation.framework */ = {isa = PBXFileReference; lastKnownFileType = wrapper.framework; name = CoreFoundation.framework; path = System/Library/Frameworks/CoreFoundation.framework; sourceTree = SDKROOT; };
		CDBDA85D196D23E3000FA46B /* ZTFrameworkBundle-Info.plist */ = {isa = PBXFileReference; lastKnownFileType = text.plist.xml; path = "ZTFrameworkBundle-Info.plist"; sourceTree = "<group>"; };
		CDBDA86F196D26E2000FA46B /* Images */ = {isa = PBXFileReference; lastKnownFileType = folder; path = Images; sourceTree = "<group>"; };
		CDC6399A19A1A1AD00571D73 /* main.app */ = {isa = PBXFileReference; explicitFileType = wrapper.application; includeInIndex = 0; path = main.app; sourceTree = BUILT_PRODUCTS_DIR; };
		CDC639A019A1A1AD00571D73 /* main-Info.plist */ = {isa = PBXFileReference; lastKnownFileType = text.plist.xml; path = "main-Info.plist"; sourceTree = "<group>"; };
		CDC639A219A1A1AD00571D73 /* en */ = {isa = PBXFileReference; lastKnownFileType = text.plist.strings; name = en; path = en.lproj/InfoPlist.strings; sourceTree = "<group>"; };
		CDC639A419A1A1AD00571D73 /* main.m */ = {isa = PBXFileReference; lastKnownFileType = sourcecode.c.objc; path = main.m; sourceTree = "<group>"; };
		CDC639A619A1A1AD00571D73 /* main-Prefix.pch */ = {isa = PBXFileReference; lastKnownFileType = sourcecode.c.h; path = "main-Prefix.pch"; sourceTree = "<group>"; };
		CDC639A719A1A1AD00571D73 /* AppDelegate.h */ = {isa = PBXFileReference; lastKnownFileType = sourcecode.c.h; path = AppDelegate.h; sourceTree = "<group>"; };
		CDC639A819A1A1AD00571D73 /* AppDelegate.m */ = {isa = PBXFileReference; lastKnownFileType = sourcecode.c.objc; path = AppDelegate.m; sourceTree = "<group>"; };
		CDC639AA19A1A1AD00571D73 /* Images.xcassets */ = {isa = PBXFileReference; lastKnownFileType = folder.assetcatalog; path = Images.xcassets; sourceTree = "<group>"; };
		CDD75C0E1999E57F00E56B80 /* ZTCommon.h */ = {isa = PBXFileReference; fileEncoding = 4; lastKnownFileType = sourcecode.c.h; path = ZTCommon.h; sourceTree = "<group>"; };
		CDD75C0F1999E57F00E56B80 /* ZTCommon.m */ = {isa = PBXFileReference; fileEncoding = 4; lastKnownFileType = sourcecode.c.objc; path = ZTCommon.m; sourceTree = "<group>"; };
		CDD75C591999ECAF00E56B80 /* ZTUDID.h */ = {isa = PBXFileReference; fileEncoding = 4; lastKnownFileType = sourcecode.c.h; path = ZTUDID.h; sourceTree = "<group>"; };
		CDD75C5A1999ECAF00E56B80 /* ZTUDID.m */ = {isa = PBXFileReference; fileEncoding = 4; lastKnownFileType = sourcecode.c.objc; path = ZTUDID.m; sourceTree = "<group>"; };
		CDD75D521999EE4E00E56B80 /* ZTWebView.h */ = {isa = PBXFileReference; fileEncoding = 4; lastKnownFileType = sourcecode.c.h; path = ZTWebView.h; sourceTree = "<group>"; };
		CDD75D531999EE4E00E56B80 /* ZTWebView.m */ = {isa = PBXFileReference; fileEncoding = 4; lastKnownFileType = sourcecode.c.objc; path = ZTWebView.m; sourceTree = "<group>"; };
		CDD75D551999EE4E00E56B80 /* ZTTableCell.h */ = {isa = PBXFileReference; fileEncoding = 4; lastKnownFileType = sourcecode.c.h; path = ZTTableCell.h; sourceTree = "<group>"; };
		CDD75D561999EE4E00E56B80 /* ZTTableCell.m */ = {isa = PBXFileReference; fileEncoding = 4; lastKnownFileType = sourcecode.c.objc; path = ZTTableCell.m; sourceTree = "<group>"; };
		CDD75D571999EE4E00E56B80 /* ZTTableConstant.h */ = {isa = PBXFileReference; fileEncoding = 4; lastKnownFileType = sourcecode.c.h; path = ZTTableConstant.h; sourceTree = "<group>"; };
		CDD75D581999EE4E00E56B80 /* ZTTableDataSource.h */ = {isa = PBXFileReference; fileEncoding = 4; lastKnownFileType = sourcecode.c.h; path = ZTTableDataSource.h; sourceTree = "<group>"; };
		CDD75D591999EE4E00E56B80 /* ZTTableDataSource.m */ = {isa = PBXFileReference; fileEncoding = 4; lastKnownFileType = sourcecode.c.objc; path = ZTTableDataSource.m; sourceTree = "<group>"; };
		CDD75D5A1999EE4E00E56B80 /* ZTTableDelegate.h */ = {isa = PBXFileReference; fileEncoding = 4; lastKnownFileType = sourcecode.c.h; path = ZTTableDelegate.h; sourceTree = "<group>"; };
		CDD75D5B1999EE4E00E56B80 /* ZTTableDelegate.m */ = {isa = PBXFileReference; fileEncoding = 4; lastKnownFileType = sourcecode.c.objc; path = ZTTableDelegate.m; sourceTree = "<group>"; };
		CDD75D5C1999EE4E00E56B80 /* ZTTableMoreCell.h */ = {isa = PBXFileReference; fileEncoding = 4; lastKnownFileType = sourcecode.c.h; path = ZTTableMoreCell.h; sourceTree = "<group>"; };
		CDD75D5D1999EE4E00E56B80 /* ZTTableMoreCell.m */ = {isa = PBXFileReference; fileEncoding = 4; lastKnownFileType = sourcecode.c.objc; path = ZTTableMoreCell.m; sourceTree = "<group>"; };
		CDD75D5E1999EE4E00E56B80 /* ZTTableSectionModel.h */ = {isa = PBXFileReference; fileEncoding = 4; lastKnownFileType = sourcecode.c.h; path = ZTTableSectionModel.h; sourceTree = "<group>"; };
		CDD75D5F1999EE4E00E56B80 /* ZTTableSectionModel.m */ = {isa = PBXFileReference; fileEncoding = 4; lastKnownFileType = sourcecode.c.objc; path = ZTTableSectionModel.m; sourceTree = "<group>"; };
		CDD75D601999EE4E00E56B80 /* ZTTableView.h */ = {isa = PBXFileReference; fileEncoding = 4; lastKnownFileType = sourcecode.c.h; path = ZTTableView.h; sourceTree = "<group>"; };
		CDD75D611999EE4E00E56B80 /* ZTTableView.m */ = {isa = PBXFileReference; fileEncoding = 4; lastKnownFileType = sourcecode.c.objc; path = ZTTableView.m; sourceTree = "<group>"; };
		CDD75D631999EE4E00E56B80 /* ZTTabBar.h */ = {isa = PBXFileReference; fileEncoding = 4; lastKnownFileType = sourcecode.c.h; path = ZTTabBar.h; sourceTree = "<group>"; };
		CDD75D641999EE4E00E56B80 /* ZTTabBar.m */ = {isa = PBXFileReference; fileEncoding = 4; lastKnownFileType = sourcecode.c.objc; path = ZTTabBar.m; sourceTree = "<group>"; };
		CDD75D651999EE4E00E56B80 /* ZTTabBarConfigs.h */ = {isa = PBXFileReference; fileEncoding = 4; lastKnownFileType = sourcecode.c.h; path = ZTTabBarConfigs.h; sourceTree = "<group>"; };
		CDD75D661999EE4E00E56B80 /* ZTTabBarConfigs.m */ = {isa = PBXFileReference; fileEncoding = 4; lastKnownFileType = sourcecode.c.objc; path = ZTTabBarConfigs.m; sourceTree = "<group>"; };
		CDD75D671999EE4E00E56B80 /* ZTTabBarItem.h */ = {isa = PBXFileReference; fileEncoding = 4; lastKnownFileType = sourcecode.c.h; path = ZTTabBarItem.h; sourceTree = "<group>"; };
		CDD75D681999EE4E00E56B80 /* ZTTabBarItem.m */ = {isa = PBXFileReference; fileEncoding = 4; lastKnownFileType = sourcecode.c.objc; path = ZTTabBarItem.m; sourceTree = "<group>"; };
		CDD75D691999EE4E00E56B80 /* ZTTabBarItemBadge.h */ = {isa = PBXFileReference; fileEncoding = 4; lastKnownFileType = sourcecode.c.h; path = ZTTabBarItemBadge.h; sourceTree = "<group>"; };
		CDD75D6A1999EE4E00E56B80 /* ZTTabBarItemBadge.m */ = {isa = PBXFileReference; fileEncoding = 4; lastKnownFileType = sourcecode.c.objc; path = ZTTabBarItemBadge.m; sourceTree = "<group>"; };
		CDD75D6B1999EE4E00E56B80 /* ZTTabBarItemGroup.h */ = {isa = PBXFileReference; fileEncoding = 4; lastKnownFileType = sourcecode.c.h; path = ZTTabBarItemGroup.h; sourceTree = "<group>"; };
		CDD75D6C1999EE4E00E56B80 /* ZTTabBarItemGroup.m */ = {isa = PBXFileReference; fileEncoding = 4; lastKnownFileType = sourcecode.c.objc; path = ZTTabBarItemGroup.m; sourceTree = "<group>"; };
		CDD75D6D1999EE4E00E56B80 /* ZTTabBarModel.h */ = {isa = PBXFileReference; fileEncoding = 4; lastKnownFileType = sourcecode.c.h; path = ZTTabBarModel.h; sourceTree = "<group>"; };
		CDD75D6E1999EE4E00E56B80 /* ZTTabBarModel.m */ = {isa = PBXFileReference; fileEncoding = 4; lastKnownFileType = sourcecode.c.objc; path = ZTTabBarModel.m; sourceTree = "<group>"; };
		CDD75D6F1999EE4E00E56B80 /* ZTTabBarNotificationModel.h */ = {isa = PBXFileReference; fileEncoding = 4; lastKnownFileType = sourcecode.c.h; path = ZTTabBarNotificationModel.h; sourceTree = "<group>"; };
		CDD75D701999EE4E00E56B80 /* ZTTabBarNotificationModel.m */ = {isa = PBXFileReference; fileEncoding = 4; lastKnownFileType = sourcecode.c.objc; path = ZTTabBarNotificationModel.m; sourceTree = "<group>"; };
		CDD75D721999EE4E00E56B80 /* ZTSDWebCacheManager.h */ = {isa = PBXFileReference; fileEncoding = 4; lastKnownFileType = sourcecode.c.h; path = ZTSDWebCacheManager.h; sourceTree = "<group>"; };
		CDD75D731999EE4E00E56B80 /* ZTSDWebCacheManager.m */ = {isa = PBXFileReference; fileEncoding = 4; lastKnownFileType = sourcecode.c.objc; path = ZTSDWebCacheManager.m; sourceTree = "<group>"; };
		CDD75D751999EE4E00E56B80 /* Reachability.h */ = {isa = PBXFileReference; fileEncoding = 4; lastKnownFileType = sourcecode.c.h; path = Reachability.h; sourceTree = "<group>"; };
		CDD75D761999EE4E00E56B80 /* Reachability.m */ = {isa = PBXFileReference; fileEncoding = 4; lastKnownFileType = sourcecode.c.objc; path = Reachability.m; sourceTree = "<group>"; };
		CDD75D771999EE4E00E56B80 /* ZTReachability.h */ = {isa = PBXFileReference; fileEncoding = 4; lastKnownFileType = sourcecode.c.h; path = ZTReachability.h; sourceTree = "<group>"; };
		CDD75D781999EE4E00E56B80 /* ZTReachability.m */ = {isa = PBXFileReference; fileEncoding = 4; lastKnownFileType = sourcecode.c.objc; path = ZTReachability.m; sourceTree = "<group>"; };
		CDD75D7A1999EE4E00E56B80 /* ZTQRCode.h */ = {isa = PBXFileReference; fileEncoding = 4; lastKnownFileType = sourcecode.c.h; path = ZTQRCode.h; sourceTree = "<group>"; };
		CDD75D7B1999EE4E00E56B80 /* ZTQRCode.m */ = {isa = PBXFileReference; fileEncoding = 4; lastKnownFileType = sourcecode.c.objc; path = ZTQRCode.m; sourceTree = "<group>"; };
		CDD75D7D1999EE4E00E56B80 /* ZTNavigation.h */ = {isa = PBXFileReference; fileEncoding = 4; lastKnownFileType = sourcecode.c.h; path = ZTNavigation.h; sourceTree = "<group>"; };
		CDD75D7E1999EE4E00E56B80 /* ZTNavigation.m */ = {isa = PBXFileReference; fileEncoding = 4; lastKnownFileType = sourcecode.c.objc; path = ZTNavigation.m; sourceTree = "<group>"; };
		CDD75D801999EE4E00E56B80 /* ZTImageView.h */ = {isa = PBXFileReference; fileEncoding = 4; lastKnownFileType = sourcecode.c.h; path = ZTImageView.h; sourceTree = "<group>"; };
		CDD75D811999EE4E00E56B80 /* ZTImageView.m */ = {isa = PBXFileReference; fileEncoding = 4; lastKnownFileType = sourcecode.c.objc; path = ZTImageView.m; sourceTree = "<group>"; };
		CDD75D831999EE4E00E56B80 /* ZTImageScrollView.h */ = {isa = PBXFileReference; fileEncoding = 4; lastKnownFileType = sourcecode.c.h; path = ZTImageScrollView.h; sourceTree = "<group>"; };
		CDD75D841999EE4E00E56B80 /* ZTImageScrollView.m */ = {isa = PBXFileReference; fileEncoding = 4; lastKnownFileType = sourcecode.c.objc; path = ZTImageScrollView.m; sourceTree = "<group>"; };
		CDD75D851999EE4E00E56B80 /* ZTImageScrollViewModel.h */ = {isa = PBXFileReference; fileEncoding = 4; lastKnownFileType = sourcecode.c.h; path = ZTImageScrollViewModel.h; sourceTree = "<group>"; };
		CDD75D861999EE4E00E56B80 /* ZTImageScrollViewModel.m */ = {isa = PBXFileReference; fileEncoding = 4; lastKnownFileType = sourcecode.c.objc; path = ZTImageScrollViewModel.m; sourceTree = "<group>"; };
		CDD75D881999EE4E00E56B80 /* ZTImageBrow.h */ = {isa = PBXFileReference; fileEncoding = 4; lastKnownFileType = sourcecode.c.h; path = ZTImageBrow.h; sourceTree = "<group>"; };
		CDD75D891999EE4E00E56B80 /* ZTImageBrow.m */ = {isa = PBXFileReference; fileEncoding = 4; lastKnownFileType = sourcecode.c.objc; path = ZTImageBrow.m; sourceTree = "<group>"; };
		CDD75D8A1999EE4E00E56B80 /* ZTImageBrowModel.h */ = {isa = PBXFileReference; fileEncoding = 4; lastKnownFileType = sourcecode.c.h; path = ZTImageBrowModel.h; sourceTree = "<group>"; };
		CDD75D8B1999EE4E00E56B80 /* ZTImageBrowModel.m */ = {isa = PBXFileReference; fileEncoding = 4; lastKnownFileType = sourcecode.c.objc; path = ZTImageBrowModel.m; sourceTree = "<group>"; };
		CDD75D8C1999EE4E00E56B80 /* ZTImageBrowOverlayView.h */ = {isa = PBXFileReference; fileEncoding = 4; lastKnownFileType = sourcecode.c.h; path = ZTImageBrowOverlayView.h; sourceTree = "<group>"; };
		CDD75D8D1999EE4E00E56B80 /* ZTImageBrowOverlayView.m */ = {isa = PBXFileReference; fileEncoding = 4; lastKnownFileType = sourcecode.c.objc; path = ZTImageBrowOverlayView.m; sourceTree = "<group>"; };
		CDD75D8E1999EE4E00E56B80 /* ZTImageBrowZoomView.h */ = {isa = PBXFileReference; fileEncoding = 4; lastKnownFileType = sourcecode.c.h; path = ZTImageBrowZoomView.h; sourceTree = "<group>"; };
		CDD75D8F1999EE4E00E56B80 /* ZTImageBrowZoomView.m */ = {isa = PBXFileReference; fileEncoding = 4; lastKnownFileType = sourcecode.c.objc; path = ZTImageBrowZoomView.m; sourceTree = "<group>"; };
		CDD75D911999EE4E00E56B80 /* ZTFile.h */ = {isa = PBXFileReference; fileEncoding = 4; lastKnownFileType = sourcecode.c.h; path = ZTFile.h; sourceTree = "<group>"; };
		CDD75D921999EE4E00E56B80 /* ZTFile.m */ = {isa = PBXFileReference; fileEncoding = 4; lastKnownFileType = sourcecode.c.objc; path = ZTFile.m; sourceTree = "<group>"; };
		CDD75D941999EE4E00E56B80 /* ZTButton.h */ = {isa = PBXFileReference; fileEncoding = 4; lastKnownFileType = sourcecode.c.h; path = ZTButton.h; sourceTree = "<group>"; };
		CDD75D951999EE4E00E56B80 /* ZTButton.m */ = {isa = PBXFileReference; fileEncoding = 4; lastKnownFileType = sourcecode.c.objc; path = ZTButton.m; sourceTree = "<group>"; };
		CDD75D971999EE4E00E56B80 /* ZTAnimation.h */ = {isa = PBXFileReference; fileEncoding = 4; lastKnownFileType = sourcecode.c.h; path = ZTAnimation.h; sourceTree = "<group>"; };
		CDD75D981999EE4E00E56B80 /* ZTAnimation.m */ = {isa = PBXFileReference; fileEncoding = 4; lastKnownFileType = sourcecode.c.objc; path = ZTAnimation.m; sourceTree = "<group>"; };
		CDF490ED199329F600496F24 /* ZTDebug.h */ = {isa = PBXFileReference; fileEncoding = 4; lastKnownFileType = sourcecode.c.h; path = ZTDebug.h; sourceTree = "<group>"; };
		CDF490EE199329F600496F24 /* ZTDebug.m */ = {isa = PBXFileReference; fileEncoding = 4; lastKnownFileType = sourcecode.c.objc; path = ZTDebug.m; sourceTree = "<group>"; };
		CDF490F319932A5E00496F24 /* ZTKit.h */ = {isa = PBXFileReference; fileEncoding = 4; lastKnownFileType = sourcecode.c.h; path = ZTKit.h; sourceTree = "<group>"; };
		CDF490F519932A6A00496F24 /* ZTPrecompile.h */ = {isa = PBXFileReference; fileEncoding = 4; lastKnownFileType = sourcecode.c.h; path = ZTPrecompile.h; sourceTree = "<group>"; };
		CDF490FE19932E0700496F24 /* ZTMacroUtils.h */ = {isa = PBXFileReference; fileEncoding = 4; lastKnownFileType = sourcecode.c.h; path = ZTMacroUtils.h; sourceTree = "<group>"; };
/* End PBXFileReference section */

/* Begin PBXFrameworksBuildPhase section */
		CDA2CA4819654E2F00C8D186 /* Frameworks */ = {
			isa = PBXFrameworksBuildPhase;
			buildActionMask = 2147483647;
			files = (
				CD845B1F1974BFE8000D6B51 /* Security.framework in Frameworks */,
				CDA2CA87196553D300C8D186 /* QuartzCore.framework in Frameworks */,
				CD6ED90C1999F3380070CF4E /* libzbar.a in Frameworks */,
				CDA2CA841965536E00C8D186 /* CoreGraphics.framework in Frameworks */,
				CDA2CA821965535500C8D186 /* UIKit.framework in Frameworks */,
				CDA2CA4F19654E2F00C8D186 /* Foundation.framework in Frameworks */,
			);
			runOnlyForDeploymentPostprocessing = 0;
		};
		CDBDA855196D23E3000FA46B /* Frameworks */ = {
			isa = PBXFrameworksBuildPhase;
			buildActionMask = 2147483647;
			files = (
				CDBDA85A196D23E3000FA46B /* CoreFoundation.framework in Frameworks */,
			);
			runOnlyForDeploymentPostprocessing = 0;
		};
		CDC6399719A1A1AD00571D73 /* Frameworks */ = {
			isa = PBXFrameworksBuildPhase;
			buildActionMask = 2147483647;
			files = (
				CDC639C419A1A1CB00571D73 /* libZTFramework.a in Frameworks */,
				CDC6399C19A1A1AD00571D73 /* CoreGraphics.framework in Frameworks */,
				CDC6399D19A1A1AD00571D73 /* UIKit.framework in Frameworks */,
				CDC6399B19A1A1AD00571D73 /* Foundation.framework in Frameworks */,
			);
			runOnlyForDeploymentPostprocessing = 0;
		};
/* End PBXFrameworksBuildPhase section */

/* Begin PBXGroup section */
		CD6ED89C1999F3380070CF4E /* ZBarSdk_v1.2.1 */ = {
			isa = PBXGroup;
			children = (
				CD6ED89D1999F3380070CF4E /* Headers */,
				CD6ED8B41999F3380070CF4E /* libqrencode */,
				CD6ED8C51999F3380070CF4E /* libzbar.a */,
			);
			path = ZBarSdk_v1.2.1;
			sourceTree = "<group>";
		};
		CD6ED89D1999F3380070CF4E /* Headers */ = {
			isa = PBXGroup;
			children = (
				CD6ED89E1999F3380070CF4E /* ZBarSDK */,
			);
			path = Headers;
			sourceTree = "<group>";
		};
		CD6ED89E1999F3380070CF4E /* ZBarSDK */ = {
			isa = PBXGroup;
			children = (
				CD6ED89F1999F3380070CF4E /* zbar */,
				CD6ED8A91999F3380070CF4E /* zbar.h */,
				CD6ED8AA1999F3380070CF4E /* ZBarCameraSimulator.h */,
				CD6ED8AB1999F3380070CF4E /* ZBarCaptureReader.h */,
				CD6ED8AC1999F3380070CF4E /* ZBarHelpController.h */,
				CD6ED8AD1999F3380070CF4E /* ZBarImage.h */,
				CD6ED8AE1999F3380070CF4E /* ZBarImageScanner.h */,
				CD6ED8AF1999F3380070CF4E /* ZBarReaderController.h */,
				CD6ED8B01999F3380070CF4E /* ZBarReaderView.h */,
				CD6ED8B11999F3380070CF4E /* ZBarReaderViewController.h */,
				CD6ED8B21999F3380070CF4E /* ZBarSDK.h */,
				CD6ED8B31999F3380070CF4E /* ZBarSymbol.h */,
			);
			path = ZBarSDK;
			sourceTree = "<group>";
		};
		CD6ED89F1999F3380070CF4E /* zbar */ = {
			isa = PBXGroup;
			children = (
				CD6ED8A01999F3380070CF4E /* Decoder.h */,
				CD6ED8A11999F3380070CF4E /* Exception.h */,
				CD6ED8A21999F3380070CF4E /* Image.h */,
				CD6ED8A31999F3380070CF4E /* ImageScanner.h */,
				CD6ED8A41999F3380070CF4E /* Processor.h */,
				CD6ED8A51999F3380070CF4E /* Scanner.h */,
				CD6ED8A61999F3380070CF4E /* Symbol.h */,
				CD6ED8A71999F3380070CF4E /* Video.h */,
				CD6ED8A81999F3380070CF4E /* Window.h */,
			);
			path = zbar;
			sourceTree = "<group>";
		};
		CD6ED8B41999F3380070CF4E /* libqrencode */ = {
			isa = PBXGroup;
			children = (
				CD6ED8B51999F3380070CF4E /* bitstream.c */,
				CD6ED8B61999F3380070CF4E /* bitstream.h */,
				CD6ED8B71999F3380070CF4E /* mask.c */,
				CD6ED8B81999F3380070CF4E /* mask.h */,
				CD6ED8B91999F3380070CF4E /* QRCodeGenerator.h */,
				CD6ED8BA1999F3380070CF4E /* QRCodeGenerator.m */,
				CD6ED8BB1999F3380070CF4E /* qrencode.c */,
				CD6ED8BC1999F3380070CF4E /* qrencode.h */,
				CD6ED8BD1999F3380070CF4E /* qrinput.c */,
				CD6ED8BE1999F3380070CF4E /* qrinput.h */,
				CD6ED8BF1999F3380070CF4E /* qrspec.c */,
				CD6ED8C01999F3380070CF4E /* qrspec.h */,
				CD6ED8C11999F3380070CF4E /* rscode.c */,
				CD6ED8C21999F3380070CF4E /* rscode.h */,
				CD6ED8C31999F3380070CF4E /* split.c */,
				CD6ED8C41999F3380070CF4E /* split.h */,
			);
			path = libqrencode;
			sourceTree = "<group>";
		};
		CD6ED8C61999F3380070CF4E /* SDWebImage_v3.6 */ = {
			isa = PBXGroup;
			children = (
				CD6ED8C71999F3380070CF4E /* MKAnnotationView+WebCache.h */,
				CD6ED8C81999F3380070CF4E /* MKAnnotationView+WebCache.m */,
				CD6ED8C91999F3380070CF4E /* NSData+ImageContentType.h */,
				CD6ED8CA1999F3380070CF4E /* NSData+ImageContentType.m */,
				CD6ED8CB1999F3380070CF4E /* SDImageCache.h */,
				CD6ED8CC1999F3380070CF4E /* SDImageCache.m */,
				CD6ED8CD1999F3380070CF4E /* SDWebImageCompat.h */,
				CD6ED8CE1999F3380070CF4E /* SDWebImageCompat.m */,
				CD6ED8CF1999F3380070CF4E /* SDWebImageDecoder.h */,
				CD6ED8D01999F3380070CF4E /* SDWebImageDecoder.m */,
				CD6ED8D11999F3380070CF4E /* SDWebImageDownloader.h */,
				CD6ED8D21999F3380070CF4E /* SDWebImageDownloader.m */,
				CD6ED8D31999F3380070CF4E /* SDWebImageDownloaderOperation.h */,
				CD6ED8D41999F3380070CF4E /* SDWebImageDownloaderOperation.m */,
				CD6ED8D51999F3380070CF4E /* SDWebImageManager.h */,
				CD6ED8D61999F3380070CF4E /* SDWebImageManager.m */,
				CD6ED8D71999F3380070CF4E /* SDWebImageOperation.h */,
				CD6ED8D81999F3380070CF4E /* SDWebImagePrefetcher.h */,
				CD6ED8D91999F3380070CF4E /* SDWebImagePrefetcher.m */,
				CD6ED8DA1999F3380070CF4E /* UIButton+WebCache.h */,
				CD6ED8DB1999F3380070CF4E /* UIButton+WebCache.m */,
				CD6ED8DC1999F3380070CF4E /* UIImage+GIF.h */,
				CD6ED8DD1999F3380070CF4E /* UIImage+GIF.m */,
				CD6ED8DE1999F3380070CF4E /* UIImage+MultiFormat.h */,
				CD6ED8DF1999F3380070CF4E /* UIImage+MultiFormat.m */,
				CD6ED8E01999F3380070CF4E /* UIImage+WebP.h */,
				CD6ED8E11999F3380070CF4E /* UIImage+WebP.m */,
				CD6ED8E21999F3380070CF4E /* UIImageView+HighlightedWebCache.h */,
				CD6ED8E31999F3380070CF4E /* UIImageView+HighlightedWebCache.m */,
				CD6ED8E41999F3380070CF4E /* UIImageView+WebCache.h */,
				CD6ED8E51999F3380070CF4E /* UIImageView+WebCache.m */,
				CD6ED8E61999F3380070CF4E /* UIView+WebCacheOperation.h */,
				CD6ED8E71999F3380070CF4E /* UIView+WebCacheOperation.m */,
			);
			path = SDWebImage_v3.6;
			sourceTree = "<group>";
		};
		CD9EA3F81966517900226861 /* ZTFramework */ = {
			isa = PBXGroup;
			children = (
				CDF490EA199329F600496F24 /* Debug */,
				CDF490F719932ACD00496F24 /* Foundation */,
				CDD75C121999ECAF00E56B80 /* UI */,
				CDF490F319932A5E00496F24 /* ZTKit.h */,
				CDF490F519932A6A00496F24 /* ZTPrecompile.h */,
			);
			path = ZTFramework;
			sourceTree = "<group>";
		};
		CDA2CA4219654E2F00C8D186 = {
			isa = PBXGroup;
			children = (
				CDA2CA5019654E2F00C8D186 /* ZTFramework */,
				CDBDA85B196D23E3000FA46B /* ZTFrameworkBundle */,
				CDC6399E19A1A1AD00571D73 /* main */,
				CDA2CA4D19654E2F00C8D186 /* Frameworks */,
				CDA2CA4C19654E2F00C8D186 /* Products */,
			);
			sourceTree = "<group>";
		};
		CDA2CA4C19654E2F00C8D186 /* Products */ = {
			isa = PBXGroup;
			children = (
				CDA2CA4B19654E2F00C8D186 /* libZTFramework.a */,
				CDBDA858196D23E3000FA46B /* ZTFrameworkBundle.bundle */,
				CDC6399A19A1A1AD00571D73 /* main.app */,
			);
			name = Products;
			sourceTree = "<group>";
		};
		CDA2CA4D19654E2F00C8D186 /* Frameworks */ = {
			isa = PBXGroup;
			children = (
				CD845B1E1974BFE8000D6B51 /* Security.framework */,
				CDA2CA86196553D300C8D186 /* QuartzCore.framework */,
				CDA2CA831965536E00C8D186 /* CoreGraphics.framework */,
				CDA2CA811965535500C8D186 /* UIKit.framework */,
				CDA2CA4E19654E2F00C8D186 /* Foundation.framework */,
				CDA2CA5C19654E2F00C8D186 /* XCTest.framework */,
				CDBDA859196D23E3000FA46B /* CoreFoundation.framework */,
			);
			name = Frameworks;
			sourceTree = "<group>";
		};
		CDA2CA5019654E2F00C8D186 /* ZTFramework */ = {
			isa = PBXGroup;
			children = (
				CDA9E5371967AE3000A73A4B /* Libs */,
				CD9EA3F81966517900226861 /* ZTFramework */,
				CDA2CA5119654E2F00C8D186 /* Supporting Files */,
			);
			path = ZTFramework;
			sourceTree = "<group>";
		};
		CDA2CA5119654E2F00C8D186 /* Supporting Files */ = {
			isa = PBXGroup;
			children = (
				CDA2CA5219654E2F00C8D186 /* ZTFramework-Prefix.pch */,
			);
			name = "Supporting Files";
			sourceTree = "<group>";
		};
		CDA9E5371967AE3000A73A4B /* Libs */ = {
			isa = PBXGroup;
			children = (
				CD6ED89C1999F3380070CF4E /* ZBarSdk_v1.2.1 */,
				CD6ED8C61999F3380070CF4E /* SDWebImage_v3.6 */,
			);
			path = Libs;
			sourceTree = "<group>";
		};
		CDBDA85B196D23E3000FA46B /* ZTFrameworkBundle */ = {
			isa = PBXGroup;
			children = (
				CDBDA86F196D26E2000FA46B /* Images */,
				CDBDA85C196D23E3000FA46B /* Supporting Files */,
			);
			path = ZTFrameworkBundle;
			sourceTree = "<group>";
		};
		CDBDA85C196D23E3000FA46B /* Supporting Files */ = {
			isa = PBXGroup;
			children = (
				CDBDA85D196D23E3000FA46B /* ZTFrameworkBundle-Info.plist */,
			);
			name = "Supporting Files";
			sourceTree = "<group>";
		};
		CDC6399E19A1A1AD00571D73 /* main */ = {
			isa = PBXGroup;
			children = (
				CDC639A719A1A1AD00571D73 /* AppDelegate.h */,
				CDC639A819A1A1AD00571D73 /* AppDelegate.m */,
				CDC639AA19A1A1AD00571D73 /* Images.xcassets */,
				CDC6399F19A1A1AD00571D73 /* Supporting Files */,
				CD6A111119A1AA0B006F22F6 /* mainViewController.h */,
				CD6A111219A1AA0B006F22F6 /* mainViewController.m */,
			);
			path = main;
			sourceTree = "<group>";
		};
		CDC6399F19A1A1AD00571D73 /* Supporting Files */ = {
			isa = PBXGroup;
			children = (
				CDC639A019A1A1AD00571D73 /* main-Info.plist */,
				CDC639A119A1A1AD00571D73 /* InfoPlist.strings */,
				CDC639A419A1A1AD00571D73 /* main.m */,
				CDC639A619A1A1AD00571D73 /* main-Prefix.pch */,
			);
			name = "Supporting Files";
			sourceTree = "<group>";
		};
		CDD75C121999ECAF00E56B80 /* UI */ = {
			isa = PBXGroup;
			children = (
				CDD75D511999EE4E00E56B80 /* ZTWebView */,
				CDD75D541999EE4E00E56B80 /* ZTTable */,
				CDD75D621999EE4E00E56B80 /* ZTTabBar */,
				CDD75D711999EE4E00E56B80 /* ZTSDWebCacheManager */,
				CDD75D741999EE4E00E56B80 /* ZTReachability */,
				CDD75D791999EE4E00E56B80 /* ZTQRCode */,
				CDD75D7C1999EE4E00E56B80 /* ZTNavigation */,
				CDD75D7F1999EE4E00E56B80 /* ZTImageView */,
				CDD75D821999EE4E00E56B80 /* ZTImageScrollView */,
				CDD75D871999EE4E00E56B80 /* ZTImageBrow */,
				CDD75D901999EE4E00E56B80 /* ZTFile */,
				CDD75D931999EE4E00E56B80 /* ZTButton */,
				CDD75D961999EE4E00E56B80 /* ZTAnimation */,
				CDD75C581999ECAF00E56B80 /* ZTUDID */,
			);
			path = UI;
			sourceTree = "<group>";
		};
		CDD75C581999ECAF00E56B80 /* ZTUDID */ = {
			isa = PBXGroup;
			children = (
				CDD75C591999ECAF00E56B80 /* ZTUDID.h */,
				CDD75C5A1999ECAF00E56B80 /* ZTUDID.m */,
			);
			path = ZTUDID;
			sourceTree = "<group>";
		};
		CDD75D511999EE4E00E56B80 /* ZTWebView */ = {
			isa = PBXGroup;
			children = (
				CDD75D521999EE4E00E56B80 /* ZTWebView.h */,
				CDD75D531999EE4E00E56B80 /* ZTWebView.m */,
			);
			path = ZTWebView;
			sourceTree = "<group>";
		};
		CDD75D541999EE4E00E56B80 /* ZTTable */ = {
			isa = PBXGroup;
			children = (
				CDD75D551999EE4E00E56B80 /* ZTTableCell.h */,
				CDD75D561999EE4E00E56B80 /* ZTTableCell.m */,
				CDD75D571999EE4E00E56B80 /* ZTTableConstant.h */,
				CDD75D581999EE4E00E56B80 /* ZTTableDataSource.h */,
				CDD75D591999EE4E00E56B80 /* ZTTableDataSource.m */,
				CDD75D5A1999EE4E00E56B80 /* ZTTableDelegate.h */,
				CDD75D5B1999EE4E00E56B80 /* ZTTableDelegate.m */,
				CDD75D5C1999EE4E00E56B80 /* ZTTableMoreCell.h */,
				CDD75D5D1999EE4E00E56B80 /* ZTTableMoreCell.m */,
				CDD75D5E1999EE4E00E56B80 /* ZTTableSectionModel.h */,
				CDD75D5F1999EE4E00E56B80 /* ZTTableSectionModel.m */,
				CDD75D601999EE4E00E56B80 /* ZTTableView.h */,
				CDD75D611999EE4E00E56B80 /* ZTTableView.m */,
			);
			path = ZTTable;
			sourceTree = "<group>";
		};
		CDD75D621999EE4E00E56B80 /* ZTTabBar */ = {
			isa = PBXGroup;
			children = (
				CDD75D631999EE4E00E56B80 /* ZTTabBar.h */,
				CDD75D641999EE4E00E56B80 /* ZTTabBar.m */,
				CDD75D651999EE4E00E56B80 /* ZTTabBarConfigs.h */,
				CDD75D661999EE4E00E56B80 /* ZTTabBarConfigs.m */,
				CDD75D671999EE4E00E56B80 /* ZTTabBarItem.h */,
				CDD75D681999EE4E00E56B80 /* ZTTabBarItem.m */,
				CDD75D691999EE4E00E56B80 /* ZTTabBarItemBadge.h */,
				CDD75D6A1999EE4E00E56B80 /* ZTTabBarItemBadge.m */,
				CDD75D6B1999EE4E00E56B80 /* ZTTabBarItemGroup.h */,
				CDD75D6C1999EE4E00E56B80 /* ZTTabBarItemGroup.m */,
				CDD75D6D1999EE4E00E56B80 /* ZTTabBarModel.h */,
				CDD75D6E1999EE4E00E56B80 /* ZTTabBarModel.m */,
				CDD75D6F1999EE4E00E56B80 /* ZTTabBarNotificationModel.h */,
				CDD75D701999EE4E00E56B80 /* ZTTabBarNotificationModel.m */,
			);
			path = ZTTabBar;
			sourceTree = "<group>";
		};
		CDD75D711999EE4E00E56B80 /* ZTSDWebCacheManager */ = {
			isa = PBXGroup;
			children = (
				CDD75D721999EE4E00E56B80 /* ZTSDWebCacheManager.h */,
				CDD75D731999EE4E00E56B80 /* ZTSDWebCacheManager.m */,
			);
			path = ZTSDWebCacheManager;
			sourceTree = "<group>";
		};
		CDD75D741999EE4E00E56B80 /* ZTReachability */ = {
			isa = PBXGroup;
			children = (
				CDD75D751999EE4E00E56B80 /* Reachability.h */,
				CDD75D761999EE4E00E56B80 /* Reachability.m */,
				CDD75D771999EE4E00E56B80 /* ZTReachability.h */,
				CDD75D781999EE4E00E56B80 /* ZTReachability.m */,
			);
			path = ZTReachability;
			sourceTree = "<group>";
		};
		CDD75D791999EE4E00E56B80 /* ZTQRCode */ = {
			isa = PBXGroup;
			children = (
				CDD75D7A1999EE4E00E56B80 /* ZTQRCode.h */,
				CDD75D7B1999EE4E00E56B80 /* ZTQRCode.m */,
			);
			path = ZTQRCode;
			sourceTree = "<group>";
		};
		CDD75D7C1999EE4E00E56B80 /* ZTNavigation */ = {
			isa = PBXGroup;
			children = (
				CDD75D7D1999EE4E00E56B80 /* ZTNavigation.h */,
				CDD75D7E1999EE4E00E56B80 /* ZTNavigation.m */,
			);
			path = ZTNavigation;
			sourceTree = "<group>";
		};
		CDD75D7F1999EE4E00E56B80 /* ZTImageView */ = {
			isa = PBXGroup;
			children = (
				CDD75D801999EE4E00E56B80 /* ZTImageView.h */,
				CDD75D811999EE4E00E56B80 /* ZTImageView.m */,
			);
			path = ZTImageView;
			sourceTree = "<group>";
		};
		CDD75D821999EE4E00E56B80 /* ZTImageScrollView */ = {
			isa = PBXGroup;
			children = (
				CDD75D831999EE4E00E56B80 /* ZTImageScrollView.h */,
				CDD75D841999EE4E00E56B80 /* ZTImageScrollView.m */,
				CDD75D851999EE4E00E56B80 /* ZTImageScrollViewModel.h */,
				CDD75D861999EE4E00E56B80 /* ZTImageScrollViewModel.m */,
			);
			path = ZTImageScrollView;
			sourceTree = "<group>";
		};
		CDD75D871999EE4E00E56B80 /* ZTImageBrow */ = {
			isa = PBXGroup;
			children = (
				CDD75D881999EE4E00E56B80 /* ZTImageBrow.h */,
				CDD75D891999EE4E00E56B80 /* ZTImageBrow.m */,
				CDD75D8A1999EE4E00E56B80 /* ZTImageBrowModel.h */,
				CDD75D8B1999EE4E00E56B80 /* ZTImageBrowModel.m */,
				CDD75D8C1999EE4E00E56B80 /* ZTImageBrowOverlayView.h */,
				CDD75D8D1999EE4E00E56B80 /* ZTImageBrowOverlayView.m */,
				CDD75D8E1999EE4E00E56B80 /* ZTImageBrowZoomView.h */,
				CDD75D8F1999EE4E00E56B80 /* ZTImageBrowZoomView.m */,
			);
			path = ZTImageBrow;
			sourceTree = "<group>";
		};
		CDD75D901999EE4E00E56B80 /* ZTFile */ = {
			isa = PBXGroup;
			children = (
				CDD75D911999EE4E00E56B80 /* ZTFile.h */,
				CDD75D921999EE4E00E56B80 /* ZTFile.m */,
			);
			path = ZTFile;
			sourceTree = "<group>";
		};
		CDD75D931999EE4E00E56B80 /* ZTButton */ = {
			isa = PBXGroup;
			children = (
				CDD75D941999EE4E00E56B80 /* ZTButton.h */,
				CDD75D951999EE4E00E56B80 /* ZTButton.m */,
			);
			path = ZTButton;
			sourceTree = "<group>";
		};
		CDD75D961999EE4E00E56B80 /* ZTAnimation */ = {
			isa = PBXGroup;
			children = (
				CDD75D971999EE4E00E56B80 /* ZTAnimation.h */,
				CDD75D981999EE4E00E56B80 /* ZTAnimation.m */,
			);
			path = ZTAnimation;
			sourceTree = "<group>";
		};
		CDF490EA199329F600496F24 /* Debug */ = {
			isa = PBXGroup;
			children = (
				CDF490ED199329F600496F24 /* ZTDebug.h */,
				CDF490EE199329F600496F24 /* ZTDebug.m */,
			);
			path = Debug;
			sourceTree = "<group>";
		};
		CDF490F719932ACD00496F24 /* Foundation */ = {
			isa = PBXGroup;
			children = (
				CDD75C0E1999E57F00E56B80 /* ZTCommon.h */,
				CDD75C0F1999E57F00E56B80 /* ZTCommon.m */,
				CD5A41801999BD2200FA68DE /* ZTDataLite.h */,
				CD5A41811999BD2200FA68DE /* ZTDataLite.m */,
				CD536CB619988D09001F3587 /* ZTFoundation.h */,
				CDF490FE19932E0700496F24 /* ZTMacroUtils.h */,
				CD5A41841999C3E900FA68DE /* ZTNotification.h */,
				CD5A41851999C3E900FA68DE /* ZTNotification.m */,
				CD7EE74819A19F55004909B9 /* ZTObserver.h */,
				CD7EE74719A19F55004909B9 /* ZTObserver.m */,
				CD5A417B1999AAA300FA68DE /* ZTSandbox.h */,
				CD5A417C1999AAA300FA68DE /* ZTSandbox.m */,
				CD738BBB19988DF5001B1BAE /* ZTSystemInfo.h */,
				CD738BBC19988DF5001B1BAE /* ZTSystemInfo.m */,
				CD5A418C1999C4AA00FA68DE /* ZTThread.h */,
				CD5A418D1999C4AA00FA68DE /* ZTThread.m */,
			);
			path = Foundation;
			sourceTree = "<group>";
		};
/* End PBXGroup section */

/* Begin PBXHeadersBuildPhase section */
		CDF07768196554DF003723DB /* Headers */ = {
			isa = PBXHeadersBuildPhase;
			buildActionMask = 2147483647;
			files = (
				CDC77AD1199AFEE500AF1043 /* ZTDebug.h in Headers */,
				CDC77AD3199AFEFD00AF1043 /* ZTMacroUtils.h in Headers */,
				CDC77AD5199AFEFD00AF1043 /* ZTSystemInfo.h in Headers */,
				CDC77AD6199AFEFD00AF1043 /* ZTSandbox.h in Headers */,
				CDC77ADB199AFEFD00AF1043 /* ZTCommon.h in Headers */,
				CDC77ADC199AFF7C00AF1043 /* ZTWebView.h in Headers */,
				CDC77ADD199AFF7C00AF1043 /* ZTTableCell.h in Headers */,
				CDC77ADE199AFF7C00AF1043 /* ZTTableConstant.h in Headers */,
				CDC77ADF199AFF7C00AF1043 /* ZTTableDataSource.h in Headers */,
				CDC77AE0199AFF7C00AF1043 /* ZTTableDelegate.h in Headers */,
				CDC77AE1199AFF7C00AF1043 /* ZTTableMoreCell.h in Headers */,
				CDC77AE2199AFF7C00AF1043 /* ZTTableSectionModel.h in Headers */,
				CDC77AD4199AFEFD00AF1043 /* ZTFoundation.h in Headers */,
				CDC77AE3199AFF7C00AF1043 /* ZTTableView.h in Headers */,
				CDC77AE4199AFF7C00AF1043 /* ZTTabBar.h in Headers */,
				CDC77AE5199AFF7C00AF1043 /* ZTTabBarConfigs.h in Headers */,
				CDC77AE6199AFF7C00AF1043 /* ZTTabBarItem.h in Headers */,
				CDC77AE9199AFF7C00AF1043 /* ZTTabBarModel.h in Headers */,
				CDC77AEA199AFF7C00AF1043 /* ZTTabBarNotificationModel.h in Headers */,
				CDC77AEB199AFF7C00AF1043 /* ZTSDWebCacheManager.h in Headers */,
				CDC77AED199AFF7C00AF1043 /* ZTReachability.h in Headers */,
				CDC77AEE199AFF7C00AF1043 /* ZTQRCode.h in Headers */,
				CDC77AEF199AFF7C00AF1043 /* ZTNavigation.h in Headers */,
				CDC77AF0199AFF7C00AF1043 /* ZTImageView.h in Headers */,
				CDC77AF1199AFF7C00AF1043 /* ZTImageScrollView.h in Headers */,
				CDC77AF2199AFF7C00AF1043 /* ZTImageScrollViewModel.h in Headers */,
				CDC77AF3199AFF7C00AF1043 /* ZTImageBrow.h in Headers */,
				CDC77AF4199AFF7C00AF1043 /* ZTImageBrowModel.h in Headers */,
				CDC77AF5199AFF7D00AF1043 /* ZTImageBrowOverlayView.h in Headers */,
				CDC77AF6199AFF7D00AF1043 /* ZTImageBrowZoomView.h in Headers */,
				CDC77AF7199AFF7D00AF1043 /* ZTFile.h in Headers */,
				CDC77AF8199AFF7D00AF1043 /* ZTButton.h in Headers */,
				CDC77AF9199AFF7D00AF1043 /* ZTAnimation.h in Headers */,
				CDC77AFB199AFF7D00AF1043 /* ZTKit.h in Headers */,
				CDC77AFC199AFF7D00AF1043 /* ZTPrecompile.h in Headers */,
				CDC77AD7199AFEFD00AF1043 /* ZTDataLite.h in Headers */,
				CDC77AD8199AFEFD00AF1043 /* ZTNotification.h in Headers */,
				CD7EE74A19A19F55004909B9 /* ZTObserver.h in Headers */,
				CDC77ADA199AFEFD00AF1043 /* ZTThread.h in Headers */,
			);
			runOnlyForDeploymentPostprocessing = 0;
		};
/* End PBXHeadersBuildPhase section */

/* Begin PBXNativeTarget section */
		CDA2CA4A19654E2F00C8D186 /* ZTFramework */ = {
			isa = PBXNativeTarget;
			buildConfigurationList = CDA2CA6E19654E2F00C8D186 /* Build configuration list for PBXNativeTarget "ZTFramework" */;
			buildPhases = (
				CDA2CA4719654E2F00C8D186 /* Sources */,
				CDA2CA4819654E2F00C8D186 /* Frameworks */,
				CDA2CA4919654E2F00C8D186 /* CopyFiles */,
				CDF07768196554DF003723DB /* Headers */,
				CDBDA84C196D197B000FA46B /* Resources */,
			);
			buildRules = (
			);
			dependencies = (
			);
			name = ZTFramework;
			productName = ZTFramework;
			productReference = CDA2CA4B19654E2F00C8D186 /* libZTFramework.a */;
			productType = "com.apple.product-type.library.static";
		};
		CDBDA857196D23E3000FA46B /* ZTFrameworkBundle */ = {
			isa = PBXNativeTarget;
			buildConfigurationList = CDBDA862196D23E3000FA46B /* Build configuration list for PBXNativeTarget "ZTFrameworkBundle" */;
			buildPhases = (
				CDBDA854196D23E3000FA46B /* Sources */,
				CDBDA855196D23E3000FA46B /* Frameworks */,
				CDBDA856196D23E3000FA46B /* Resources */,
			);
			buildRules = (
			);
			dependencies = (
			);
			name = ZTFrameworkBundle;
			productName = ZTFrameworkBundle;
			productReference = CDBDA858196D23E3000FA46B /* ZTFrameworkBundle.bundle */;
			productType = "com.apple.product-type.bundle";
		};
		CDC6399919A1A1AD00571D73 /* main */ = {
			isa = PBXNativeTarget;
			buildConfigurationList = CDC639C219A1A1AD00571D73 /* Build configuration list for PBXNativeTarget "main" */;
			buildPhases = (
				CDC6399619A1A1AD00571D73 /* Sources */,
				CDC6399719A1A1AD00571D73 /* Frameworks */,
				CDC6399819A1A1AD00571D73 /* Resources */,
			);
			buildRules = (
			);
			dependencies = (
			);
			name = main;
			productName = main;
			productReference = CDC6399A19A1A1AD00571D73 /* main.app */;
			productType = "com.apple.product-type.application";
		};
/* End PBXNativeTarget section */

/* Begin PBXProject section */
		CDA2CA4319654E2F00C8D186 /* Project object */ = {
			isa = PBXProject;
			attributes = {
				LastUpgradeCheck = 0510;
				ORGANIZATIONNAME = Fighting;
			};
			buildConfigurationList = CDA2CA4619654E2F00C8D186 /* Build configuration list for PBXProject "ZTFramework" */;
			compatibilityVersion = "Xcode 3.2";
			developmentRegion = English;
			hasScannedForEncodings = 0;
			knownRegions = (
				en,
				"zh-Hans",
			);
			mainGroup = CDA2CA4219654E2F00C8D186;
			productRefGroup = CDA2CA4C19654E2F00C8D186 /* Products */;
			projectDirPath = "";
			projectRoot = "";
			targets = (
				CDA2CA4A19654E2F00C8D186 /* ZTFramework */,
				CDBDA857196D23E3000FA46B /* ZTFrameworkBundle */,
				CDC6399919A1A1AD00571D73 /* main */,
			);
		};
/* End PBXProject section */

/* Begin PBXResourcesBuildPhase section */
		CDBDA84C196D197B000FA46B /* Resources */ = {
			isa = PBXResourcesBuildPhase;
			buildActionMask = 2147483647;
			files = (
			);
			runOnlyForDeploymentPostprocessing = 0;
		};
		CDBDA856196D23E3000FA46B /* Resources */ = {
			isa = PBXResourcesBuildPhase;
			buildActionMask = 2147483647;
			files = (
				CDBDA870196D26E2000FA46B /* Images in Resources */,
			);
			runOnlyForDeploymentPostprocessing = 0;
		};
		CDC6399819A1A1AD00571D73 /* Resources */ = {
			isa = PBXResourcesBuildPhase;
			buildActionMask = 2147483647;
			files = (
				CDC639A319A1A1AD00571D73 /* InfoPlist.strings in Resources */,
				CDC639AB19A1A1AD00571D73 /* Images.xcassets in Resources */,
			);
			runOnlyForDeploymentPostprocessing = 0;
		};
/* End PBXResourcesBuildPhase section */

/* Begin PBXSourcesBuildPhase section */
		CDA2CA4719654E2F00C8D186 /* Sources */ = {
			isa = PBXSourcesBuildPhase;
			buildActionMask = 2147483647;
			files = (
				CD6ED9161999F3380070CF4E /* SDWebImageDecoder.m in Sources */,
				CD6ED91F1999F3380070CF4E /* SDWebImagePrefetcher.m in Sources */,
				CDD75DBB1999EE4E00E56B80 /* ZTReachability.m in Sources */,
				CD6ED9291999F3380070CF4E /* UIImageView+HighlightedWebCache.m in Sources */,
				CDD75DB91999EE4E00E56B80 /* Reachability.m in Sources */,
				CDD75DB51999EE4E00E56B80 /* ZTTabBarNotificationModel.m in Sources */,
				CD5A41871999C3E900FA68DE /* ZTNotification.m in Sources */,
				CDD75DA31999EE4E00E56B80 /* ZTTableMoreCell.m in Sources */,
				CD6ED9271999F3380070CF4E /* UIImage+WebP.m in Sources */,
				CDD75C111999E57F00E56B80 /* ZTCommon.m in Sources */,
				CDD75DBF1999EE4E00E56B80 /* ZTNavigation.m in Sources */,
				CD5A417E1999AAA300FA68DE /* ZTSandbox.m in Sources */,
				CDD75C981999ECAF00E56B80 /* ZTUDID.m in Sources */,
				CD6ED9041999F3380070CF4E /* qrinput.c in Sources */,
				CD6ED92B1999F3380070CF4E /* UIImageView+WebCache.m in Sources */,
				CD738BBE19988DF5001B1BAE /* ZTSystemInfo.m in Sources */,
				CD6ED91C1999F3380070CF4E /* SDWebImageManager.m in Sources */,
				CD6ED9101999F3380070CF4E /* NSData+ImageContentType.m in Sources */,
				CD6ED8FE1999F3380070CF4E /* mask.c in Sources */,
				CDD75DBD1999EE4E00E56B80 /* ZTQRCode.m in Sources */,
				CDD75DC71999EE4E00E56B80 /* ZTImageBrow.m in Sources */,
				CDD75D9A1999EE4E00E56B80 /* ZTWebView.m in Sources */,
				CDD75DA91999EE4E00E56B80 /* ZTTabBar.m in Sources */,
				CDD75DB71999EE4E00E56B80 /* ZTSDWebCacheManager.m in Sources */,
				CD6ED90E1999F3380070CF4E /* MKAnnotationView+WebCache.m in Sources */,
				CDD75DCD1999EE4E00E56B80 /* ZTImageBrowZoomView.m in Sources */,
				CDD75DCF1999EE4E00E56B80 /* ZTFile.m in Sources */,
				CDD75D9C1999EE4E00E56B80 /* ZTTableCell.m in Sources */,
				CDD75DA11999EE4E00E56B80 /* ZTTableDelegate.m in Sources */,
				CDD75DAD1999EE4E00E56B80 /* ZTTabBarItem.m in Sources */,
				CD5A418F1999C4AA00FA68DE /* ZTThread.m in Sources */,
				CDD75DC31999EE4E00E56B80 /* ZTImageScrollView.m in Sources */,
				CDD75DB11999EE4E00E56B80 /* ZTTabBarItemGroup.m in Sources */,
				CD6ED9081999F3380070CF4E /* rscode.c in Sources */,
				CD6ED9211999F3380070CF4E /* UIButton+WebCache.m in Sources */,
				CD6ED9141999F3380070CF4E /* SDWebImageCompat.m in Sources */,
				CDD75DC11999EE4E00E56B80 /* ZTImageView.m in Sources */,
				CDD75D9F1999EE4E00E56B80 /* ZTTableDataSource.m in Sources */,
				CD6ED9061999F3380070CF4E /* qrspec.c in Sources */,
				CD6ED90A1999F3380070CF4E /* split.c in Sources */,
				CDD75DB31999EE4E00E56B80 /* ZTTabBarModel.m in Sources */,
				CD6ED9181999F3380070CF4E /* SDWebImageDownloader.m in Sources */,
				CDD75DC91999EE4E00E56B80 /* ZTImageBrowModel.m in Sources */,
				CDD75DA51999EE4E00E56B80 /* ZTTableSectionModel.m in Sources */,
				CD6ED9231999F3380070CF4E /* UIImage+GIF.m in Sources */,
				CDD75DA71999EE4E00E56B80 /* ZTTableView.m in Sources */,
				CDF490F2199329F600496F24 /* ZTDebug.m in Sources */,
				CD6ED9021999F3380070CF4E /* qrencode.c in Sources */,
				CD6ED91A1999F3380070CF4E /* SDWebImageDownloaderOperation.m in Sources */,
				CD6ED8FC1999F3380070CF4E /* bitstream.c in Sources */,
				CD6ED9251999F3380070CF4E /* UIImage+MultiFormat.m in Sources */,
				CD6ED92D1999F3380070CF4E /* UIView+WebCacheOperation.m in Sources */,
				CDD75DAF1999EE4E00E56B80 /* ZTTabBarItemBadge.m in Sources */,
				CD5A41831999BD2200FA68DE /* ZTDataLite.m in Sources */,
				CD6ED9011999F3380070CF4E /* QRCodeGenerator.m in Sources */,
				CDD75DAB1999EE4E00E56B80 /* ZTTabBarConfigs.m in Sources */,
				CDD75DD11999EE4E00E56B80 /* ZTButton.m in Sources */,
				CDD75DCB1999EE4E00E56B80 /* ZTImageBrowOverlayView.m in Sources */,
				CDD75DD31999EE4E00E56B80 /* ZTAnimation.m in Sources */,
				CDD75DC51999EE4E00E56B80 /* ZTImageScrollViewModel.m in Sources */,
				CD6ED9121999F3380070CF4E /* SDImageCache.m in Sources */,
				CD7EE74919A19F55004909B9 /* ZTObserver.m in Sources */,
			);
			runOnlyForDeploymentPostprocessing = 0;
		};
		CDBDA854196D23E3000FA46B /* Sources */ = {
			isa = PBXSourcesBuildPhase;
			buildActionMask = 2147483647;
			files = (
			);
			runOnlyForDeploymentPostprocessing = 0;
		};
		CDC6399619A1A1AD00571D73 /* Sources */ = {
			isa = PBXSourcesBuildPhase;
			buildActionMask = 2147483647;
			files = (
				CD6A111319A1AA0B006F22F6 /* mainViewController.m in Sources */,
				CDC639A919A1A1AD00571D73 /* AppDelegate.m in Sources */,
				CDC639A519A1A1AD00571D73 /* main.m in Sources */,
			);
			runOnlyForDeploymentPostprocessing = 0;
		};
/* End PBXSourcesBuildPhase section */

/* Begin PBXVariantGroup section */
		CDC639A119A1A1AD00571D73 /* InfoPlist.strings */ = {
			isa = PBXVariantGroup;
			children = (
				CDC639A219A1A1AD00571D73 /* en */,
			);
			name = InfoPlist.strings;
			sourceTree = "<group>";
		};
/* End PBXVariantGroup section */

/* Begin XCBuildConfiguration section */
		CDA2CA6C19654E2F00C8D186 /* Debug */ = {
			isa = XCBuildConfiguration;
			buildSettings = {
				ALWAYS_SEARCH_USER_PATHS = NO;
				CLANG_CXX_LANGUAGE_STANDARD = "gnu++0x";
				CLANG_CXX_LIBRARY = "libc++";
				CLANG_ENABLE_MODULES = YES;
				CLANG_ENABLE_OBJC_ARC = YES;
				CLANG_WARN_BOOL_CONVERSION = YES;
				CLANG_WARN_CONSTANT_CONVERSION = YES;
				CLANG_WARN_DIRECT_OBJC_ISA_USAGE = YES_ERROR;
				CLANG_WARN_EMPTY_BODY = YES;
				CLANG_WARN_ENUM_CONVERSION = YES;
				CLANG_WARN_INT_CONVERSION = YES;
				CLANG_WARN_OBJC_ROOT_CLASS = YES_ERROR;
				CLANG_WARN__DUPLICATE_METHOD_MATCH = YES;
				COPY_PHASE_STRIP = NO;
				GCC_C_LANGUAGE_STANDARD = gnu99;
				GCC_DYNAMIC_NO_PIC = NO;
				GCC_OPTIMIZATION_LEVEL = 0;
				GCC_PREPROCESSOR_DEFINITIONS = (
					"DEBUG=1",
					"$(inherited)",
				);
				GCC_SYMBOLS_PRIVATE_EXTERN = NO;
				GCC_WARN_64_TO_32_BIT_CONVERSION = YES;
				GCC_WARN_ABOUT_RETURN_TYPE = YES_ERROR;
				GCC_WARN_UNDECLARED_SELECTOR = YES;
				GCC_WARN_UNINITIALIZED_AUTOS = YES_AGGRESSIVE;
				GCC_WARN_UNUSED_FUNCTION = YES;
				GCC_WARN_UNUSED_VARIABLE = YES;
				IPHONEOS_DEPLOYMENT_TARGET = 7.1;
				ONLY_ACTIVE_ARCH = YES;
				SDKROOT = iphoneos;
			};
			name = Debug;
		};
		CDA2CA6D19654E2F00C8D186 /* Release */ = {
			isa = XCBuildConfiguration;
			buildSettings = {
				ALWAYS_SEARCH_USER_PATHS = NO;
				CLANG_CXX_LANGUAGE_STANDARD = "gnu++0x";
				CLANG_CXX_LIBRARY = "libc++";
				CLANG_ENABLE_MODULES = YES;
				CLANG_ENABLE_OBJC_ARC = YES;
				CLANG_WARN_BOOL_CONVERSION = YES;
				CLANG_WARN_CONSTANT_CONVERSION = YES;
				CLANG_WARN_DIRECT_OBJC_ISA_USAGE = YES_ERROR;
				CLANG_WARN_EMPTY_BODY = YES;
				CLANG_WARN_ENUM_CONVERSION = YES;
				CLANG_WARN_INT_CONVERSION = YES;
				CLANG_WARN_OBJC_ROOT_CLASS = YES_ERROR;
				CLANG_WARN__DUPLICATE_METHOD_MATCH = YES;
				COPY_PHASE_STRIP = YES;
				ENABLE_NS_ASSERTIONS = NO;
				GCC_C_LANGUAGE_STANDARD = gnu99;
				GCC_WARN_64_TO_32_BIT_CONVERSION = YES;
				GCC_WARN_ABOUT_RETURN_TYPE = YES_ERROR;
				GCC_WARN_UNDECLARED_SELECTOR = YES;
				GCC_WARN_UNINITIALIZED_AUTOS = YES_AGGRESSIVE;
				GCC_WARN_UNUSED_FUNCTION = YES;
				GCC_WARN_UNUSED_VARIABLE = YES;
				IPHONEOS_DEPLOYMENT_TARGET = 7.1;
				SDKROOT = iphoneos;
				VALIDATE_PRODUCT = YES;
			};
			name = Release;
		};
		CDA2CA6F19654E2F00C8D186 /* Debug */ = {
			isa = XCBuildConfiguration;
			buildSettings = {
				DSTROOT = /tmp/ZTFramework.dst;
				GCC_PRECOMPILE_PREFIX_HEADER = YES;
				GCC_PREFIX_HEADER = "ZTFramework/ZTFramework-Prefix.pch";
				HEADER_SEARCH_PATHS = (
					"$(inherited)",
					/Applications/Xcode5.app/Contents/Developer/Toolchains/XcodeDefault.xctoolchain/usr/include,
				);
				INSTALL_PATH = "$(BUILT_PRODUCTS_DIR)";
				IPHONEOS_DEPLOYMENT_TARGET = 6.1;
				LIBRARY_SEARCH_PATHS = (
					"$(inherited)",
					"$(PROJECT_DIR)/ZTFramework/Libs/ZBarSdk_v1.2.1",
				);
				OTHER_LDFLAGS = "-ObjC";
				PRODUCT_NAME = "$(TARGET_NAME)";
				PUBLIC_HEADERS_FOLDER_PATH = include;
				SKIP_INSTALL = YES;
				TARGETED_DEVICE_FAMILY = "1,2";
			};
			name = Debug;
		};
		CDA2CA7019654E2F00C8D186 /* Release */ = {
			isa = XCBuildConfiguration;
			buildSettings = {
				DSTROOT = /tmp/ZTFramework.dst;
				GCC_PRECOMPILE_PREFIX_HEADER = YES;
				GCC_PREFIX_HEADER = "ZTFramework/ZTFramework-Prefix.pch";
				HEADER_SEARCH_PATHS = (
					"$(inherited)",
					/Applications/Xcode5.app/Contents/Developer/Toolchains/XcodeDefault.xctoolchain/usr/include,
				);
				INSTALL_PATH = "$(BUILT_PRODUCTS_DIR)";
				IPHONEOS_DEPLOYMENT_TARGET = 6.1;
				LIBRARY_SEARCH_PATHS = (
					"$(inherited)",
					"$(PROJECT_DIR)/ZTFramework/Libs/ZBarSdk_v1.2.1",
				);
				OTHER_LDFLAGS = "-ObjC";
				PRODUCT_NAME = "$(TARGET_NAME)";
				PUBLIC_HEADERS_FOLDER_PATH = include;
				SKIP_INSTALL = YES;
				TARGETED_DEVICE_FAMILY = "1,2";
			};
			name = Release;
		};
		CDBDA863196D23E3000FA46B /* Debug */ = {
			isa = XCBuildConfiguration;
			buildSettings = {
				COMBINE_HIDPI_IMAGES = YES;
				GCC_ENABLE_OBJC_EXCEPTIONS = YES;
				GCC_PRECOMPILE_PREFIX_HEADER = YES;
				GCC_PREFIX_HEADER = "ZTFrameworkBundle/ZTFrameworkBundle-Prefix.pch";
				GCC_PREPROCESSOR_DEFINITIONS = (
					"DEBUG=1",
					"$(inherited)",
				);
				INFOPLIST_FILE = "ZTFrameworkBundle/ZTFrameworkBundle-Info.plist";
				MACOSX_DEPLOYMENT_TARGET = 10.9;
				PRODUCT_NAME = "$(TARGET_NAME)";
				SDKROOT = iphoneos;
				WRAPPER_EXTENSION = bundle;
			};
			name = Debug;
		};
		CDBDA864196D23E3000FA46B /* Release */ = {
			isa = XCBuildConfiguration;
			buildSettings = {
				COMBINE_HIDPI_IMAGES = YES;
				DEBUG_INFORMATION_FORMAT = "dwarf-with-dsym";
				GCC_ENABLE_OBJC_EXCEPTIONS = YES;
				GCC_PRECOMPILE_PREFIX_HEADER = YES;
				GCC_PREFIX_HEADER = "ZTFrameworkBundle/ZTFrameworkBundle-Prefix.pch";
				INFOPLIST_FILE = "ZTFrameworkBundle/ZTFrameworkBundle-Info.plist";
				MACOSX_DEPLOYMENT_TARGET = 10.9;
				PRODUCT_NAME = "$(TARGET_NAME)";
				SDKROOT = iphoneos;
				WRAPPER_EXTENSION = bundle;
			};
			name = Release;
		};
		CDC639BE19A1A1AD00571D73 /* Debug */ = {
			isa = XCBuildConfiguration;
			buildSettings = {
				ASSETCATALOG_COMPILER_APPICON_NAME = AppIcon;
				ASSETCATALOG_COMPILER_LAUNCHIMAGE_NAME = LaunchImage;
				"CODE_SIGN_IDENTITY[sdk=iphoneos*]" = "iPhone Developer";
				GCC_PRECOMPILE_PREFIX_HEADER = YES;
				GCC_PREFIX_HEADER = "main/main-Prefix.pch";
				GCC_PREPROCESSOR_DEFINITIONS = (
					"DEBUG=1",
					"$(inherited)",
				);
				INFOPLIST_FILE = "main/main-Info.plist";
				PRODUCT_NAME = "$(TARGET_NAME)";
				WRAPPER_EXTENSION = app;
			};
			name = Debug;
		};
		CDC639BF19A1A1AD00571D73 /* Release */ = {
			isa = XCBuildConfiguration;
			buildSettings = {
				ASSETCATALOG_COMPILER_APPICON_NAME = AppIcon;
				ASSETCATALOG_COMPILER_LAUNCHIMAGE_NAME = LaunchImage;
				"CODE_SIGN_IDENTITY[sdk=iphoneos*]" = "iPhone Developer";
				GCC_PRECOMPILE_PREFIX_HEADER = YES;
				GCC_PREFIX_HEADER = "main/main-Prefix.pch";
				INFOPLIST_FILE = "main/main-Info.plist";
				PRODUCT_NAME = "$(TARGET_NAME)";
				WRAPPER_EXTENSION = app;
			};
			name = Release;
		};
/* End XCBuildConfiguration section */

/* Begin XCConfigurationList section */
		CDA2CA4619654E2F00C8D186 /* Build configuration list for PBXProject "ZTFramework" */ = {
			isa = XCConfigurationList;
			buildConfigurations = (
				CDA2CA6C19654E2F00C8D186 /* Debug */,
				CDA2CA6D19654E2F00C8D186 /* Release */,
			);
			defaultConfigurationIsVisible = 0;
			defaultConfigurationName = Release;
		};
		CDA2CA6E19654E2F00C8D186 /* Build configuration list for PBXNativeTarget "ZTFramework" */ = {
			isa = XCConfigurationList;
			buildConfigurations = (
				CDA2CA6F19654E2F00C8D186 /* Debug */,
				CDA2CA7019654E2F00C8D186 /* Release */,
			);
			defaultConfigurationIsVisible = 0;
			defaultConfigurationName = Release;
		};
		CDBDA862196D23E3000FA46B /* Build configuration list for PBXNativeTarget "ZTFrameworkBundle" */ = {
			isa = XCConfigurationList;
			buildConfigurations = (
				CDBDA863196D23E3000FA46B /* Debug */,
				CDBDA864196D23E3000FA46B /* Release */,
			);
			defaultConfigurationIsVisible = 0;
			defaultConfigurationName = Release;
		};
		CDC639C219A1A1AD00571D73 /* Build configuration list for PBXNativeTarget "main" */ = {
			isa = XCConfigurationList;
			buildConfigurations = (
				CDC639BE19A1A1AD00571D73 /* Debug */,
				CDC639BF19A1A1AD00571D73 /* Release */,
			);
			defaultConfigurationIsVisible = 0;
			defaultConfigurationName = Release;
		};
/* End XCConfigurationList section */
	};
	rootObject = CDA2CA4319654E2F00C8D186 /* Project object */;
}
